// !$*UTF8*$!
{
	archiveVersion = 1;
	classes = {
	};
	objectVersion = 77;
	objects = {

/* Begin PBXBuildFile section */
		01AAD2051A1F0A0C17B66401 /* ChatSendRouting.swift in Sources */ = {isa = PBXBuildFile; fileRef = 67CA64CFC033D4351EBD4E65 /* ChatSendRouting.swift */; };
		02A87E73A8C0410B81E72055 /* SidecarProtocol.swift in Sources */ = {isa = PBXBuildFile; fileRef = 2B540F835EF29413ABD93A63 /* SidecarProtocol.swift */; };
		055741AF6E514728DCB92B4E /* Agent.swift in Sources */ = {isa = PBXBuildFile; fileRef = 55ECCF0C41C805426469FB1F /* Agent.swift */; };
		0C1B81C9D91F77EF26CEEE44 /* GroupPopoverView.swift in Sources */ = {isa = PBXBuildFile; fileRef = C2AD160F86173E2CF3766824 /* GroupPopoverView.swift */; };
		0E013D24E0C1BA94688FDAD1 /* GroupWorkingDirectory.swift in Sources */ = {isa = PBXBuildFile; fileRef = 9D743EEC73CD94CD9BB8F8E5 /* GroupWorkingDirectory.swift */; };
		0E04AD12F853FD94FD789F88 /* ClaudPeerApp.swift in Sources */ = {isa = PBXBuildFile; fileRef = B9951FFFD1B701984B418041 /* ClaudPeerApp.swift */; };
		0E1C572F81FA8CA327BBCBFC /* AgentLibraryView.swift in Sources */ = {isa = PBXBuildFile; fileRef = 00F274BA95A407C22081C2C7 /* AgentLibraryView.swift */; };
		0FA50B09FC74F48EA9D216D4 /* PeerNetworkView.swift in Sources */ = {isa = PBXBuildFile; fileRef = 68EA4FB151F4238EA55A907E /* PeerNetworkView.swift */; };
		11E43203A68E5734716947F3 /* GroupLibraryView.swift in Sources */ = {isa = PBXBuildFile; fileRef = 3131F3536596320025B61147 /* GroupLibraryView.swift */; };
		1481E56010A58C336C3F18BF /* InlineHTMLView.swift in Sources */ = {isa = PBXBuildFile; fileRef = 71858A7928EF68B4AFD1E09E /* InlineHTMLView.swift */; };
		14D861CF5B13293CAD511152 /* Highlightr in Frameworks */ = {isa = PBXBuildFile; productRef = 8AEED4FD32C0679D7D6687BB /* Highlightr */; };
		16F867609271AC5DF2B0AF1A /* MarkdownUI in Frameworks */ = {isa = PBXBuildFile; productRef = 5F2B490AFC7F1171B0171214 /* MarkdownUI */; };
		1C0538DD225C49265B4052BA /* InlineDiffView.swift in Sources */ = {isa = PBXBuildFile; fileRef = 0516CE1305E32D17A943C8B0 /* InlineDiffView.swift */; };
		1C080C704D3C5EF24F998B41 /* SidecarProtocolTests.swift in Sources */ = {isa = PBXBuildFile; fileRef = 5777453F812E89A97C5F7878 /* SidecarProtocolTests.swift */; };
		20AE1BD66F57BD8C7132A875 /* MermaidDiagramView.swift in Sources */ = {isa = PBXBuildFile; fileRef = 4D9A47272BCF54E206BE8C72 /* MermaidDiagramView.swift */; };
		20E306DBF570FF23246E8933 /* CatalogDetailView.swift in Sources */ = {isa = PBXBuildFile; fileRef = 7D31FC5F506A816CF0343969 /* CatalogDetailView.swift */; };
		23C015DF87B84DC49231ADA6 /* SidecarManager.swift in Sources */ = {isa = PBXBuildFile; fileRef = B23E27BEA98A5FD69D9CE0CC /* SidecarManager.swift */; };
		24003584E43082B09123CF03 /* GitHubIntegration.swift in Sources */ = {isa = PBXBuildFile; fileRef = 6808B84A1CFF3027AA249095 /* GitHubIntegration.swift */; };
		26D2D8EC8E0508F1DBB934C2 /* FileNodeTests.swift in Sources */ = {isa = PBXBuildFile; fileRef = A833D155DC0AD3A824197429 /* FileNodeTests.swift */; };
		278570B93350EA0113C4909E /* AppStateEventTests.swift in Sources */ = {isa = PBXBuildFile; fileRef = 2565D3E7261B7FAA86DCD713 /* AppStateEventTests.swift */; };
		2AD44F59FBC9B5655CD8802C /* FileExplorerView.swift in Sources */ = {isa = PBXBuildFile; fileRef = 6E8B556EA989E6594A79F693 /* FileExplorerView.swift */; };
		2B1AD0069E8CB21120A2018F /* PasteableTextField.swift in Sources */ = {isa = PBXBuildFile; fileRef = E3AB1005FC694014147F0C43 /* PasteableTextField.swift */; };
		2CBFE743EF644CA057D27A53 /* ChatView.swift in Sources */ = {isa = PBXBuildFile; fileRef = A85EED55825AD6491C2C4B52 /* ChatView.swift */; };
		2E363A6440CBAE0CEB70B410 /* Peer.swift in Sources */ = {isa = PBXBuildFile; fileRef = 5A738194FA05A5EEA92FF876 /* Peer.swift */; };
		2F0893C0B2DA20D209304C90 /* WorkshopEntityBrowser.swift in Sources */ = {isa = PBXBuildFile; fileRef = 501A1D34E048FE7EC4FA964C /* WorkshopEntityBrowser.swift */; };
		2F6B7440D1BF8033E64572F9 /* MCPLibraryView.swift in Sources */ = {isa = PBXBuildFile; fileRef = 047F26DDE645163AF42F3911 /* MCPLibraryView.swift */; };
		30DA292179FBBB740E6B67E2 /* GroupEditorView.swift in Sources */ = {isa = PBXBuildFile; fileRef = 6BB97312B4398EA580A908C2 /* GroupEditorView.swift */; };
		3676B046B9E4DDCEC99D0F6A /* MessageAttachment.swift in Sources */ = {isa = PBXBuildFile; fileRef = 81B9D50CF93D3A13DA686DAE /* MessageAttachment.swift */; };
		3B3341708474F23CC3EF52E6 /* ImagePreviewOverlay.swift in Sources */ = {isa = PBXBuildFile; fileRef = 366DFE642C902647403BE941 /* ImagePreviewOverlay.swift */; };
		3CE96E648151578B21F6A42E /* SharedWorkspace.swift in Sources */ = {isa = PBXBuildFile; fileRef = 0409B8E38BF69246D8716A45 /* SharedWorkspace.swift */; };
		3E7BEC013C5C2E4D9D8EDD3E /* PeerWireModels.swift in Sources */ = {isa = PBXBuildFile; fileRef = 295955FE705640AB390F56F7 /* PeerWireModels.swift */; };
		403ADEBE8CE7EFF439B62C91 /* FileTreeView.swift in Sources */ = {isa = PBXBuildFile; fileRef = 358BF3BDC51165B45EA9F6B5 /* FileTreeView.swift */; };
		42DFDC38029FBE726381AC9D /* P2PNetworkManager.swift in Sources */ = {isa = PBXBuildFile; fileRef = 78EF88F2AC9F72FB53538A66 /* P2PNetworkManager.swift */; };
		45BA039A69A7118426C83D7D /* MarkdownContent.swift in Sources */ = {isa = PBXBuildFile; fileRef = ECDF40AF37752B26489E1353 /* MarkdownContent.swift */; };
		45D7710552D8B8EC1D641456 /* AgentSidebarRowView.swift in Sources */ = {isa = PBXBuildFile; fileRef = D32DC9B7849C35D2E2BD5A46 /* AgentSidebarRowView.swift */; };
		463F0ABBA348891D29015117 /* CodeBlockView.swift in Sources */ = {isa = PBXBuildFile; fileRef = 016F1CC66943E5C4EDA8A066 /* CodeBlockView.swift */; };
		474BB6C9622B4C00C6210BCE /* HighlightedCodeView.swift in Sources */ = {isa = PBXBuildFile; fileRef = E8B01856A3335626C40FF5E0 /* HighlightedCodeView.swift */; };
		4769795E83731F9ED13D116A /* AttachmentStore.swift in Sources */ = {isa = PBXBuildFile; fileRef = 8729095B2BA63374F1C5518A /* AttachmentStore.swift */; };
		47D435B1886BD0AC916A1E84 /* AgentCommsView.swift in Sources */ = {isa = PBXBuildFile; fileRef = 112F5F61439F2CFA5089C26D /* AgentCommsView.swift */; };
		499DA75DF03FBC8F89EBACFA /* AppSettings.swift in Sources */ = {isa = PBXBuildFile; fileRef = 42A76141BC76F4391092AF63 /* AppSettings.swift */; };
		4BECED6525C3E79940B29B97 /* AutoAssembleSheet.swift in Sources */ = {isa = PBXBuildFile; fileRef = BB94D33A76F5B932BC491092 /* AutoAssembleSheet.swift */; };
		4C549BB70D871C4677527BF6 /* GitWorkspacePreparer.swift in Sources */ = {isa = PBXBuildFile; fileRef = 1745E0009016D0F4D1BEC482 /* GitWorkspacePreparer.swift */; };
		4D83C3AC19BB13A1343378EB /* GroupAssembler.swift in Sources */ = {isa = PBXBuildFile; fileRef = 8B1EC0423FD5B43E9D9DF2AA /* GroupAssembler.swift */; };
		4F46A5EB13BB15C37F9B191D /* FileExplorerIntegrationTests.swift in Sources */ = {isa = PBXBuildFile; fileRef = 8B780A33D047EFCFC942D87E /* FileExplorerIntegrationTests.swift */; };
		51AA35A6ECEF7C5027DA0038 /* Catalog in Resources */ = {isa = PBXBuildFile; fileRef = 60024D30214E174148439775 /* Catalog */; };
		549887B09059F5E5F4927BA5 /* InstanceConfig.swift in Sources */ = {isa = PBXBuildFile; fileRef = FB5B66E51E1263B5C18C6A5E /* InstanceConfig.swift */; };
		59D94180C1FE19A3D282A438 /* AgentCardView.swift in Sources */ = {isa = PBXBuildFile; fileRef = 5C99BC59EC29166729A8D136 /* AgentCardView.swift */; };
		5B09EBC3FC6D493388ABCCCB /* GroupWorkflowTests.swift in Sources */ = {isa = PBXBuildFile; fileRef = 49195965D3224402E6B207BB /* GroupWorkflowTests.swift */; };
		5B631136B8D2C4EDD6A3B646 /* BlackboardEntry.swift in Sources */ = {isa = PBXBuildFile; fileRef = 4A37CE0BFB1C6790555C1AF8 /* BlackboardEntry.swift */; };
		5B7926646CAC88CBBA1C56B5 /* AutonomousMissionSheet.swift in Sources */ = {isa = PBXBuildFile; fileRef = 8F8831CC40A23166C931AAE0 /* AutonomousMissionSheet.swift */; };
		5D3942068F130232A06DEC6A /* WorkshopViewTests.swift in Sources */ = {isa = PBXBuildFile; fileRef = 257EC30B537C382049BFAD90 /* WorkshopViewTests.swift */; };
		5EA1436B4AECC7C7C7F8E205 /* GitService.swift in Sources */ = {isa = PBXBuildFile; fileRef = 02C3A772FC5229DDFA5E9D34 /* GitService.swift */; };
		602A52731CAD2B3C2DAC601F /* WorkshopView.swift in Sources */ = {isa = PBXBuildFile; fileRef = 09F2B4FF765F031059076A2B /* WorkshopView.swift */; };
		61B7BD9D1EF3A81EBC9EC663 /* GroupRoleTests.swift in Sources */ = {isa = PBXBuildFile; fileRef = 3DB65530D86E5D6DCF4CBF50 /* GroupRoleTests.swift */; };
		62A6FD94EEC3F2EE5685D6CA /* WorktreeCleanup.swift in Sources */ = {isa = PBXBuildFile; fileRef = DBBB69F435B0D50CE0DA4CB7 /* WorktreeCleanup.swift */; };
		62DFEEA128D278F20ADB5CF3 /* RichChatComponentTests.swift in Sources */ = {isa = PBXBuildFile; fileRef = 97C87BCB7D887D7A40633D22 /* RichChatComponentTests.swift */; };
		64B029546879C9B3F357DA64 /* GitServiceTests.swift in Sources */ = {isa = PBXBuildFile; fileRef = 38F111E8979D43932412C844 /* GitServiceTests.swift */; };
		65E168BA6118477B801888EF /* StatusBadge.swift in Sources */ = {isa = PBXBuildFile; fileRef = 992A76147316E10E0359165B /* StatusBadge.swift */; };
		6A29C1495146471A4C799407 /* GroupCardView.swift in Sources */ = {isa = PBXBuildFile; fileRef = 51FC0B25354B73D661F0FAFE /* GroupCardView.swift */; };
		6ACD1F1C0D7329A214BA3D4C /* PeerAgentImporter.swift in Sources */ = {isa = PBXBuildFile; fileRef = DE50B7464F5EC0FA8C23FF12 /* PeerAgentImporter.swift */; };
		6C4A2EF81AA77F19C5B6752C /* AgentFromPromptSheet.swift in Sources */ = {isa = PBXBuildFile; fileRef = AE2FF5836052D6F1F820DCBA /* AgentFromPromptSheet.swift */; };
		6D60F034F3A00214C5360E91 /* GroupSummaryBuilder.swift in Sources */ = {isa = PBXBuildFile; fileRef = EDE4FF0F6FCB68B20DEF3C69 /* GroupSummaryBuilder.swift */; };
		6DA312B6DD35C455A6531C5A /* TerminalOutputView.swift in Sources */ = {isa = PBXBuildFile; fileRef = A9337839D85BB71EF79FD5F3 /* TerminalOutputView.swift */; };
		70DD119ED5D46386112FE3ED /* GroupPeerFanOutContext.swift in Sources */ = {isa = PBXBuildFile; fileRef = C65F909FC976452DE4674CD6 /* GroupPeerFanOutContext.swift */; };
		715FD59535088EE23FF3CAF8 /* WorkingDirectoryPicker.swift in Sources */ = {isa = PBXBuildFile; fileRef = D43747F7AD28D67F8EB351FE /* WorkingDirectoryPicker.swift */; };
		72414AE8386DCE713E11817B /* WorkflowStep.swift in Sources */ = {isa = PBXBuildFile; fileRef = 4CF7AA5C49A3FC41126DEECF /* WorkflowStep.swift */; };
		7686221DF4816DFA817F0158 /* GroupSummaryTests.swift in Sources */ = {isa = PBXBuildFile; fileRef = 3881E88C458AB35F661F8F3B /* GroupSummaryTests.swift */; };
		794523A775FDD366B768AE3B /* WorkspaceResolver.swift in Sources */ = {isa = PBXBuildFile; fileRef = 1C0BE43793270FC4B15B426B /* WorkspaceResolver.swift */; };
		79F811D67189FB4186690315 /* AgentQuestionBubble.swift in Sources */ = {isa = PBXBuildFile; fileRef = 9F5E796C26A8D793C87B113C /* AgentQuestionBubble.swift */; };
		7A7F6E1699C592B0E2822C90 /* PermissionSet.swift in Sources */ = {isa = PBXBuildFile; fileRef = B4F486717BDF44CEA8256860 /* PermissionSet.swift */; };
		82B5805934EF673CD8677361 /* ChatSendRoutingTests.swift in Sources */ = {isa = PBXBuildFile; fileRef = 521C14971AF9F1032D60AC11 /* ChatSendRoutingTests.swift */; };
		82F2415C2C8C5B58760304A1 /* AutonomousGroupEngine.swift in Sources */ = {isa = PBXBuildFile; fileRef = 33F3A6B4293EA73485A47239 /* AutonomousGroupEngine.swift */; };
		8538BF4562F7345FA6B88A3B /* AgentGroup.swift in Sources */ = {isa = PBXBuildFile; fileRef = E0954564CB96BAC2B83DCC80 /* AgentGroup.swift */; };
		860CB66A01CCEC6EAF2460AF /* AgentEditorView.swift in Sources */ = {isa = PBXBuildFile; fileRef = 914EA697DE0A07B913C8CA50 /* AgentEditorView.swift */; };
		88EA8ACC32BFC0770AB196E0 /* SidebarSectionTests.swift in Sources */ = {isa = PBXBuildFile; fileRef = F435FB80932A12F4BC591209 /* SidebarSectionTests.swift */; };
		896006FD0E26239ACC323138 /* ColorExtension.swift in Sources */ = {isa = PBXBuildFile; fileRef = F88CEE77AD1CAF650FA09785 /* ColorExtension.swift */; };
		8BEC63FC6F31E91EF592225D /* AppState.swift in Sources */ = {isa = PBXBuildFile; fileRef = 8A8FFC6890CB51BBED09DE51 /* AppState.swift */; };
		8E71BE6CF6CA16FBC5E7CFDF /* SidebarView.swift in Sources */ = {isa = PBXBuildFile; fileRef = B7E20C232EF0FDCB15C1A11F /* SidebarView.swift */; };
		8EFE234751CDB57F519BC11A /* GroupWorkflowEngine.swift in Sources */ = {isa = PBXBuildFile; fileRef = 6136D8E81C9441DC11457313 /* GroupWorkflowEngine.swift */; };
		9424D109A8033AFF2DF9A8BC /* ChatExportPresenters.swift in Sources */ = {isa = PBXBuildFile; fileRef = 056FB72F40897D7992543824 /* ChatExportPresenters.swift */; };
		966752D26A41EAB29082F9EF /* SkillEditorView.swift in Sources */ = {isa = PBXBuildFile; fileRef = 948463B26EF5D45E42CEBE8E /* SkillEditorView.swift */; };
		9AE88E597F8D225F88A985E3 /* ConfigSyncService.swift in Sources */ = {isa = PBXBuildFile; fileRef = 6D110721821D9A245E125973 /* ConfigSyncService.swift */; };
		9EDD40517114FE6058BDE11B /* AgentSuggestions.swift in Sources */ = {isa = PBXBuildFile; fileRef = BDCE97B018C8576558100F88 /* AgentSuggestions.swift */; };
		9F1BF2EDEEBA574EC8F77D3D /* StreamingIndicator.swift in Sources */ = {isa = PBXBuildFile; fileRef = 93A4A2675FD0B802EB09CAD7 /* StreamingIndicator.swift */; };
		A143B58755FA1EC441E1E50C /* CatalogServiceTests.swift in Sources */ = {isa = PBXBuildFile; fileRef = 1B2016CB468A359AF549D79A /* CatalogServiceTests.swift */; };
		A2FDDE6D95567398E5A6F6F2 /* SettingsView.swift in Sources */ = {isa = PBXBuildFile; fileRef = 5A05BE2704B80EEC18221F92 /* SettingsView.swift */; };
		A3146BCE0C1A54EEB293B9F7 /* MainWindowView.swift in Sources */ = {isa = PBXBuildFile; fileRef = 3E4DCE83740204D511E3B0D1 /* MainWindowView.swift */; };
		A381CE91DA9750CE3EF75B14 /* Participant.swift in Sources */ = {isa = PBXBuildFile; fileRef = CF7DE569AA584CC2C46F605D /* Participant.swift */; };
		A530F8A9507C64D41DFA5476 /* AttachmentThumbnail.swift in Sources */ = {isa = PBXBuildFile; fileRef = 0E44B3C765BC7AAAD48454D2 /* AttachmentThumbnail.swift */; };
		A9D8E76955FDB5963668C17C /* MessageBubble.swift in Sources */ = {isa = PBXBuildFile; fileRef = C371AD5F769C2CCCF62DE333 /* MessageBubble.swift */; };
		AAA78D894E674126AFC33BC3 /* SidebarActivityIndicator.swift in Sources */ = {isa = PBXBuildFile; fileRef = 5CC7C1CD4C52BF84313E228B /* SidebarActivityIndicator.swift */; };
		AB82FF8626C71D3F72057DCC /* DefaultPermissionPresets.json in Resources */ = {isa = PBXBuildFile; fileRef = 35DF91D842C679DF67DB0C52 /* DefaultPermissionPresets.json */; };
		AD124ED10C41F0ECB603E2C1 /* AppXray in Frameworks */ = {isa = PBXBuildFile; productRef = 529C5CE522A9DF72939E5B46 /* AppXray */; };
		ADF0ECE2F3A3CC83FAC6970E /* DelegateSheet.swift in Sources */ = {isa = PBXBuildFile; fileRef = 2C93E16DEA449F6E03F5BDB9 /* DelegateSheet.swift */; };
		B3A793EF6D0726A0795BCB91 /* WorkshopEntityRow.swift in Sources */ = {isa = PBXBuildFile; fileRef = 9DAEBF3A1B86993FCA123363 /* WorkshopEntityRow.swift */; };
		B3B3CF4B6F06328FBAD4091E /* FileNode.swift in Sources */ = {isa = PBXBuildFile; fileRef = 4E86CDFA7118712CB1B7C157 /* FileNode.swift */; };
		B562E734E0EDE27FAC6173E9 /* GroupPromptBuilder.swift in Sources */ = {isa = PBXBuildFile; fileRef = 1871CA94CE6B3042A9E9F46F /* GroupPromptBuilder.swift */; };
		B66B134EAA88E378E9EDA374 /* WorkspaceResolverTests.swift in Sources */ = {isa = PBXBuildFile; fileRef = 47B0FBA346EF9C4C13EE94AD /* WorkspaceResolverTests.swift */; };
		B713D24060E01C04111FCA6D /* MCPServer.swift in Sources */ = {isa = PBXBuildFile; fileRef = 434AB8CCCBFC14046A791D9F /* MCPServer.swift */; };
		BA6E4E7A9CED39E42099D523 /* ConversationMessage.swift in Sources */ = {isa = PBXBuildFile; fileRef = 2DDD8B8ADF7E2323CA716DA3 /* ConversationMessage.swift */; };
		BB6DD316D281B45635C1FFA4 /* InspectorView.swift in Sources */ = {isa = PBXBuildFile; fileRef = D3AD5E6689CDA96ED2EA3121 /* InspectorView.swift */; };
		BD6AC3240828B2CA5E0327D4 /* GroupAssemblerTests.swift in Sources */ = {isa = PBXBuildFile; fileRef = 5F57ED6C3449C0475EFB216F /* GroupAssemblerTests.swift */; };
		C185297A50777B6FBA2A6DAA /* AgentActivityBar.swift in Sources */ = {isa = PBXBuildFile; fileRef = 482A2DC2F1219536285F0500 /* AgentActivityBar.swift */; };
		C28F8D3C16502B242B26F49E /* GroupDetailView.swift in Sources */ = {isa = PBXBuildFile; fileRef = FDF82D9971D18D910148367D /* GroupDetailView.swift */; };
		C3282CB652BEAB2DCFB071F1 /* GroupSidebarRowView.swift in Sources */ = {isa = PBXBuildFile; fileRef = EB05E5237D29A3487DAD6DAB /* GroupSidebarRowView.swift */; };
		C6552EBEC99D16A172CB5CA9 /* AttachRepoSheet.swift in Sources */ = {isa = PBXBuildFile; fileRef = 4561C1E318499CC7977EDA25 /* AttachRepoSheet.swift */; };
		C6D2BF9D721ACE70596CF7B2 /* PeerCatalogServer.swift in Sources */ = {isa = PBXBuildFile; fileRef = 04D5179AA073FDA48AE30A1C /* PeerCatalogServer.swift */; };
		CAD5574E06C26A5D9EBF249E /* AgentPreviewCard.swift in Sources */ = {isa = PBXBuildFile; fileRef = F893A9826F1A5CCA6826A85D /* AgentPreviewCard.swift */; };
		CE22C0A132B7BFC37C676336 /* AddAgentsToChatSheet.swift in Sources */ = {isa = PBXBuildFile; fileRef = C1A3202BFAB1DAD66AC5E112 /* AddAgentsToChatSheet.swift */; };
		CFFB6D2D6760CA875E44F9E5 /* WorkshopDetailPanel.swift in Sources */ = {isa = PBXBuildFile; fileRef = 517FCD7FC0166416A0C856C4 /* WorkshopDetailPanel.swift */; };
		D159BEDB7011BABB924C38FF /* FileSystemService.swift in Sources */ = {isa = PBXBuildFile; fileRef = AC09D3F46964504D07ACDB0A /* FileSystemService.swift */; };
		D1BCF026D25D7FCBCF9FAF3E /* RecentRepos.swift in Sources */ = {isa = PBXBuildFile; fileRef = DF1CB295C4AB137634A64C51 /* RecentRepos.swift */; };
		D40FDF4B78533479995D0744 /* ChatTranscriptExportTests.swift in Sources */ = {isa = PBXBuildFile; fileRef = 4FFCE27F48F95EE59B8E27E0 /* ChatTranscriptExportTests.swift */; };
		DB7F71F383C349A2774C9E15 /* AgentProvisioner.swift in Sources */ = {isa = PBXBuildFile; fileRef = 81C1BF271BA5B651A144D5F0 /* AgentProvisioner.swift */; };
		DC375348236D21D13A5954F2 /* Conversation.swift in Sources */ = {isa = PBXBuildFile; fileRef = F28ADA7E705CF0F037084F5A /* Conversation.swift */; };
		DD9D4792179204856CB04553 /* MCPEditorView.swift in Sources */ = {isa = PBXBuildFile; fileRef = 282E016E092AE47E6D931AF1 /* MCPEditorView.swift */; };
		DE40DF6CB7A7D0E02A9B3D9B /* ChatNotificationManager.swift in Sources */ = {isa = PBXBuildFile; fileRef = E8F5E8B4C36DEF6E8D05BD78 /* ChatNotificationManager.swift */; };
		DE74F66D7B907930BD6D536E /* GroupPromptBuilderTests.swift in Sources */ = {isa = PBXBuildFile; fileRef = E85717EAA6539ABF15E1236B /* GroupPromptBuilderTests.swift */; };
		E0A143D7407B83868FAA8CEB /* CatalogModelTests.swift in Sources */ = {isa = PBXBuildFile; fileRef = 1DF42729E8075F148CDEA31B /* CatalogModelTests.swift */; };
		E0E3A29A89AB7C3C4E03AC1D /* ChatTranscriptExport.swift in Sources */ = {isa = PBXBuildFile; fileRef = E10195A5CE1B012128B052BD /* ChatTranscriptExport.swift */; };
		E26CDFCF45EF9DB26905363F /* FileContentView.swift in Sources */ = {isa = PBXBuildFile; fileRef = F640FD676BD0AED6B18E9AC9 /* FileContentView.swift */; };
		E566CEE5AE9A75C9CA511CE0 /* NewSessionSheet.swift in Sources */ = {isa = PBXBuildFile; fileRef = E55639E38311435A165FCF48 /* NewSessionSheet.swift */; };
		E701154D0CB6746A491CDAC2 /* ConversationTreeNode.swift in Sources */ = {isa = PBXBuildFile; fileRef = 524B9ABDC5AF9E1B2192E9EA /* ConversationTreeNode.swift */; };
		E7B8F4EEA002301168EF50FA /* CatalogBrowserView.swift in Sources */ = {isa = PBXBuildFile; fileRef = C1C920CE61C35A41E207ECFF /* CatalogBrowserView.swift */; };
		E803E9987F6AC8A21A2AEFEE /* DefaultMCPs.json in Resources */ = {isa = PBXBuildFile; fileRef = 71CFB2B8835C44C52BD6A4E3 /* DefaultMCPs.json */; };
		E9B66D0A2C0BF1E0DBAF391A /* SkillLibraryView.swift in Sources */ = {isa = PBXBuildFile; fileRef = 67FC5A4F5255F6C7A9C02A2F /* SkillLibraryView.swift */; };
		ECDE6BF353A7B12DD4EDE369 /* Skill.swift in Sources */ = {isa = PBXBuildFile; fileRef = C97D48E6D1102BCF5E092886 /* Skill.swift */; };
		F070C950DC26ACB5E2F47621 /* WelcomeView.swift in Sources */ = {isa = PBXBuildFile; fileRef = F699A7551BB3459C5FA21861 /* WelcomeView.swift */; };
		F1151BA284E140621801A6E3 /* RecentDirectories.swift in Sources */ = {isa = PBXBuildFile; fileRef = 0B628CFF45E38C8F19D627D0 /* RecentDirectories.swift */; };
		F2D2AC534D90AC5840561808 /* GroupRole.swift in Sources */ = {isa = PBXBuildFile; fileRef = 2C1257645494483E9C7643DC /* GroupRole.swift */; };
		F30BBE1A91B9586947C5625C /* InstanceConfigTests.swift in Sources */ = {isa = PBXBuildFile; fileRef = 1AC4E1A19E6BDCC55C39EADA /* InstanceConfigTests.swift */; };
		F4BA4A9BB78FED2DE3D95393 /* ConfigFileManager.swift in Sources */ = {isa = PBXBuildFile; fileRef = 4597DE9B811F413DBC572C7D /* ConfigFileManager.swift */; };
		F53BDB56112B28F330F4BDF8 /* DefaultsSeeder.swift in Sources */ = {isa = PBXBuildFile; fileRef = 146347FEE9B08F7DECF3FD4D /* DefaultsSeeder.swift */; };
		F733EBC50BEFCB54C7DA4B1B /* Session.swift in Sources */ = {isa = PBXBuildFile; fileRef = 437F587062E2C6F5DA16158B /* Session.swift */; };
		F76856E71DF97C2C065873FC /* Assets.xcassets in Resources */ = {isa = PBXBuildFile; fileRef = 3F7B1EC952EBA8591E97378A /* Assets.xcassets */; };
		F8982D15F6CF229A89C83F93 /* GroupSummaryCard.swift in Sources */ = {isa = PBXBuildFile; fileRef = DC682DE34A4FB697E73ECE5A /* GroupSummaryCard.swift */; };
		FAF66A6605270507E8EA93BE /* SessionSummaryCard.swift in Sources */ = {isa = PBXBuildFile; fileRef = BAE5F2C7CD78539D60CE8B65 /* SessionSummaryCard.swift */; };
		FC829CE2B376004F35ECD92A /* ToolCallView.swift in Sources */ = {isa = PBXBuildFile; fileRef = 5BA524924978FFC51437377B /* ToolCallView.swift */; };
		FCCDF203D5B2716A9237FE44 /* CatalogService.swift in Sources */ = {isa = PBXBuildFile; fileRef = 8F4FE2AD0C6E71009586ADE8 /* CatalogService.swift */; };
		FCDB63BA5E4CFEE46B4C6E3E /* FileSystemServiceTests.swift in Sources */ = {isa = PBXBuildFile; fileRef = 0BAC9AA6D718EC8B68B49A0C /* FileSystemServiceTests.swift */; };
		FD84FF42B37C6BDA604F0F3D /* WorkflowEditorView.swift in Sources */ = {isa = PBXBuildFile; fileRef = 34FC2DB2203433D31EBF1BC1 /* WorkflowEditorView.swift */; };
		FFD1E8D7ED51742911F36BFB /* AllDoneBanner.swift in Sources */ = {isa = PBXBuildFile; fileRef = A7181864E0CE4BABC9D3F866 /* AllDoneBanner.swift */; };
/* End PBXBuildFile section */

/* Begin PBXContainerItemProxy section */
		5EF88737FF704ABAC9BD6CB7 /* PBXContainerItemProxy */ = {
			isa = PBXContainerItemProxy;
			containerPortal = 077DD9DDC7767BF3C24DD8C7 /* Project object */;
			proxyType = 1;
			remoteGlobalIDString = B67F70736B61C29F868F952E;
			remoteInfo = ClaudPeer;
		};
/* End PBXContainerItemProxy section */

/* Begin PBXFileReference section */
		00F274BA95A407C22081C2C7 /* AgentLibraryView.swift */ = {isa = PBXFileReference; lastKnownFileType = sourcecode.swift; path = AgentLibraryView.swift; sourceTree = "<group>"; };
		016F1CC66943E5C4EDA8A066 /* CodeBlockView.swift */ = {isa = PBXFileReference; lastKnownFileType = sourcecode.swift; path = CodeBlockView.swift; sourceTree = "<group>"; };
		02C3A772FC5229DDFA5E9D34 /* GitService.swift */ = {isa = PBXFileReference; lastKnownFileType = sourcecode.swift; path = GitService.swift; sourceTree = "<group>"; };
		0409B8E38BF69246D8716A45 /* SharedWorkspace.swift */ = {isa = PBXFileReference; lastKnownFileType = sourcecode.swift; path = SharedWorkspace.swift; sourceTree = "<group>"; };
		047F26DDE645163AF42F3911 /* MCPLibraryView.swift */ = {isa = PBXFileReference; lastKnownFileType = sourcecode.swift; path = MCPLibraryView.swift; sourceTree = "<group>"; };
		04D5179AA073FDA48AE30A1C /* PeerCatalogServer.swift */ = {isa = PBXFileReference; lastKnownFileType = sourcecode.swift; path = PeerCatalogServer.swift; sourceTree = "<group>"; };
		0516CE1305E32D17A943C8B0 /* InlineDiffView.swift */ = {isa = PBXFileReference; lastKnownFileType = sourcecode.swift; path = InlineDiffView.swift; sourceTree = "<group>"; };
		056FB72F40897D7992543824 /* ChatExportPresenters.swift */ = {isa = PBXFileReference; lastKnownFileType = sourcecode.swift; path = ChatExportPresenters.swift; sourceTree = "<group>"; };
		09F2B4FF765F031059076A2B /* WorkshopView.swift */ = {isa = PBXFileReference; lastKnownFileType = sourcecode.swift; path = WorkshopView.swift; sourceTree = "<group>"; };
		0B628CFF45E38C8F19D627D0 /* RecentDirectories.swift */ = {isa = PBXFileReference; lastKnownFileType = sourcecode.swift; path = RecentDirectories.swift; sourceTree = "<group>"; };
		0BAC9AA6D718EC8B68B49A0C /* FileSystemServiceTests.swift */ = {isa = PBXFileReference; lastKnownFileType = sourcecode.swift; path = FileSystemServiceTests.swift; sourceTree = "<group>"; };
		0E44B3C765BC7AAAD48454D2 /* AttachmentThumbnail.swift */ = {isa = PBXFileReference; lastKnownFileType = sourcecode.swift; path = AttachmentThumbnail.swift; sourceTree = "<group>"; };
		112F5F61439F2CFA5089C26D /* AgentCommsView.swift */ = {isa = PBXFileReference; lastKnownFileType = sourcecode.swift; path = AgentCommsView.swift; sourceTree = "<group>"; };
		146347FEE9B08F7DECF3FD4D /* DefaultsSeeder.swift */ = {isa = PBXFileReference; lastKnownFileType = sourcecode.swift; path = DefaultsSeeder.swift; sourceTree = "<group>"; };
		1745E0009016D0F4D1BEC482 /* GitWorkspacePreparer.swift */ = {isa = PBXFileReference; lastKnownFileType = sourcecode.swift; path = GitWorkspacePreparer.swift; sourceTree = "<group>"; };
		1871CA94CE6B3042A9E9F46F /* GroupPromptBuilder.swift */ = {isa = PBXFileReference; lastKnownFileType = sourcecode.swift; path = GroupPromptBuilder.swift; sourceTree = "<group>"; };
		1AC4E1A19E6BDCC55C39EADA /* InstanceConfigTests.swift */ = {isa = PBXFileReference; lastKnownFileType = sourcecode.swift; path = InstanceConfigTests.swift; sourceTree = "<group>"; };
		1B2016CB468A359AF549D79A /* CatalogServiceTests.swift */ = {isa = PBXFileReference; lastKnownFileType = sourcecode.swift; path = CatalogServiceTests.swift; sourceTree = "<group>"; };
		1C0BE43793270FC4B15B426B /* WorkspaceResolver.swift */ = {isa = PBXFileReference; lastKnownFileType = sourcecode.swift; path = WorkspaceResolver.swift; sourceTree = "<group>"; };
		1DF42729E8075F148CDEA31B /* CatalogModelTests.swift */ = {isa = PBXFileReference; lastKnownFileType = sourcecode.swift; path = CatalogModelTests.swift; sourceTree = "<group>"; };
		2565D3E7261B7FAA86DCD713 /* AppStateEventTests.swift */ = {isa = PBXFileReference; lastKnownFileType = sourcecode.swift; path = AppStateEventTests.swift; sourceTree = "<group>"; };
		257EC30B537C382049BFAD90 /* WorkshopViewTests.swift */ = {isa = PBXFileReference; lastKnownFileType = sourcecode.swift; path = WorkshopViewTests.swift; sourceTree = "<group>"; };
		282E016E092AE47E6D931AF1 /* MCPEditorView.swift */ = {isa = PBXFileReference; lastKnownFileType = sourcecode.swift; path = MCPEditorView.swift; sourceTree = "<group>"; };
		295955FE705640AB390F56F7 /* PeerWireModels.swift */ = {isa = PBXFileReference; lastKnownFileType = sourcecode.swift; path = PeerWireModels.swift; sourceTree = "<group>"; };
		2B540F835EF29413ABD93A63 /* SidecarProtocol.swift */ = {isa = PBXFileReference; lastKnownFileType = sourcecode.swift; path = SidecarProtocol.swift; sourceTree = "<group>"; };
		2C1257645494483E9C7643DC /* GroupRole.swift */ = {isa = PBXFileReference; lastKnownFileType = sourcecode.swift; path = GroupRole.swift; sourceTree = "<group>"; };
		2C93E16DEA449F6E03F5BDB9 /* DelegateSheet.swift */ = {isa = PBXFileReference; lastKnownFileType = sourcecode.swift; path = DelegateSheet.swift; sourceTree = "<group>"; };
		2DDD8B8ADF7E2323CA716DA3 /* ConversationMessage.swift */ = {isa = PBXFileReference; lastKnownFileType = sourcecode.swift; path = ConversationMessage.swift; sourceTree = "<group>"; };
		3131F3536596320025B61147 /* GroupLibraryView.swift */ = {isa = PBXFileReference; lastKnownFileType = sourcecode.swift; path = GroupLibraryView.swift; sourceTree = "<group>"; };
		33F3A6B4293EA73485A47239 /* AutonomousGroupEngine.swift */ = {isa = PBXFileReference; lastKnownFileType = sourcecode.swift; path = AutonomousGroupEngine.swift; sourceTree = "<group>"; };
		34FC2DB2203433D31EBF1BC1 /* WorkflowEditorView.swift */ = {isa = PBXFileReference; lastKnownFileType = sourcecode.swift; path = WorkflowEditorView.swift; sourceTree = "<group>"; };
		358BF3BDC51165B45EA9F6B5 /* FileTreeView.swift */ = {isa = PBXFileReference; lastKnownFileType = sourcecode.swift; path = FileTreeView.swift; sourceTree = "<group>"; };
		35DF91D842C679DF67DB0C52 /* DefaultPermissionPresets.json */ = {isa = PBXFileReference; lastKnownFileType = text.json; path = DefaultPermissionPresets.json; sourceTree = "<group>"; };
		366DFE642C902647403BE941 /* ImagePreviewOverlay.swift */ = {isa = PBXFileReference; lastKnownFileType = sourcecode.swift; path = ImagePreviewOverlay.swift; sourceTree = "<group>"; };
		3881E88C458AB35F661F8F3B /* GroupSummaryTests.swift */ = {isa = PBXFileReference; lastKnownFileType = sourcecode.swift; path = GroupSummaryTests.swift; sourceTree = "<group>"; };
		38F111E8979D43932412C844 /* GitServiceTests.swift */ = {isa = PBXFileReference; lastKnownFileType = sourcecode.swift; path = GitServiceTests.swift; sourceTree = "<group>"; };
		3DB65530D86E5D6DCF4CBF50 /* GroupRoleTests.swift */ = {isa = PBXFileReference; lastKnownFileType = sourcecode.swift; path = GroupRoleTests.swift; sourceTree = "<group>"; };
		3E4DCE83740204D511E3B0D1 /* MainWindowView.swift */ = {isa = PBXFileReference; lastKnownFileType = sourcecode.swift; path = MainWindowView.swift; sourceTree = "<group>"; };
		3F7B1EC952EBA8591E97378A /* Assets.xcassets */ = {isa = PBXFileReference; lastKnownFileType = folder.assetcatalog; path = Assets.xcassets; sourceTree = "<group>"; };
		42A76141BC76F4391092AF63 /* AppSettings.swift */ = {isa = PBXFileReference; lastKnownFileType = sourcecode.swift; path = AppSettings.swift; sourceTree = "<group>"; };
		434AB8CCCBFC14046A791D9F /* MCPServer.swift */ = {isa = PBXFileReference; lastKnownFileType = sourcecode.swift; path = MCPServer.swift; sourceTree = "<group>"; };
		437F587062E2C6F5DA16158B /* Session.swift */ = {isa = PBXFileReference; lastKnownFileType = sourcecode.swift; path = Session.swift; sourceTree = "<group>"; };
		4561C1E318499CC7977EDA25 /* AttachRepoSheet.swift */ = {isa = PBXFileReference; lastKnownFileType = sourcecode.swift; path = AttachRepoSheet.swift; sourceTree = "<group>"; };
		4597DE9B811F413DBC572C7D /* ConfigFileManager.swift */ = {isa = PBXFileReference; lastKnownFileType = sourcecode.swift; path = ConfigFileManager.swift; sourceTree = "<group>"; };
		47B0FBA346EF9C4C13EE94AD /* WorkspaceResolverTests.swift */ = {isa = PBXFileReference; lastKnownFileType = sourcecode.swift; path = WorkspaceResolverTests.swift; sourceTree = "<group>"; };
		482A2DC2F1219536285F0500 /* AgentActivityBar.swift */ = {isa = PBXFileReference; lastKnownFileType = sourcecode.swift; path = AgentActivityBar.swift; sourceTree = "<group>"; };
		49195965D3224402E6B207BB /* GroupWorkflowTests.swift */ = {isa = PBXFileReference; lastKnownFileType = sourcecode.swift; path = GroupWorkflowTests.swift; sourceTree = "<group>"; };
		4A37CE0BFB1C6790555C1AF8 /* BlackboardEntry.swift */ = {isa = PBXFileReference; lastKnownFileType = sourcecode.swift; path = BlackboardEntry.swift; sourceTree = "<group>"; };
		4CF7AA5C49A3FC41126DEECF /* WorkflowStep.swift */ = {isa = PBXFileReference; lastKnownFileType = sourcecode.swift; path = WorkflowStep.swift; sourceTree = "<group>"; };
		4D9A47272BCF54E206BE8C72 /* MermaidDiagramView.swift */ = {isa = PBXFileReference; lastKnownFileType = sourcecode.swift; path = MermaidDiagramView.swift; sourceTree = "<group>"; };
		4E86CDFA7118712CB1B7C157 /* FileNode.swift */ = {isa = PBXFileReference; lastKnownFileType = sourcecode.swift; path = FileNode.swift; sourceTree = "<group>"; };
		4FFCE27F48F95EE59B8E27E0 /* ChatTranscriptExportTests.swift */ = {isa = PBXFileReference; lastKnownFileType = sourcecode.swift; path = ChatTranscriptExportTests.swift; sourceTree = "<group>"; };
		501A1D34E048FE7EC4FA964C /* WorkshopEntityBrowser.swift */ = {isa = PBXFileReference; lastKnownFileType = sourcecode.swift; path = WorkshopEntityBrowser.swift; sourceTree = "<group>"; };
		517FCD7FC0166416A0C856C4 /* WorkshopDetailPanel.swift */ = {isa = PBXFileReference; lastKnownFileType = sourcecode.swift; path = WorkshopDetailPanel.swift; sourceTree = "<group>"; };
		51FC0B25354B73D661F0FAFE /* GroupCardView.swift */ = {isa = PBXFileReference; lastKnownFileType = sourcecode.swift; path = GroupCardView.swift; sourceTree = "<group>"; };
		521C14971AF9F1032D60AC11 /* ChatSendRoutingTests.swift */ = {isa = PBXFileReference; lastKnownFileType = sourcecode.swift; path = ChatSendRoutingTests.swift; sourceTree = "<group>"; };
		524B9ABDC5AF9E1B2192E9EA /* ConversationTreeNode.swift */ = {isa = PBXFileReference; lastKnownFileType = sourcecode.swift; path = ConversationTreeNode.swift; sourceTree = "<group>"; };
		55ECCF0C41C805426469FB1F /* Agent.swift */ = {isa = PBXFileReference; lastKnownFileType = sourcecode.swift; path = Agent.swift; sourceTree = "<group>"; };
		5777453F812E89A97C5F7878 /* SidecarProtocolTests.swift */ = {isa = PBXFileReference; lastKnownFileType = sourcecode.swift; path = SidecarProtocolTests.swift; sourceTree = "<group>"; };
		5A05BE2704B80EEC18221F92 /* SettingsView.swift */ = {isa = PBXFileReference; lastKnownFileType = sourcecode.swift; path = SettingsView.swift; sourceTree = "<group>"; };
		5A738194FA05A5EEA92FF876 /* Peer.swift */ = {isa = PBXFileReference; lastKnownFileType = sourcecode.swift; path = Peer.swift; sourceTree = "<group>"; };
		5BA524924978FFC51437377B /* ToolCallView.swift */ = {isa = PBXFileReference; lastKnownFileType = sourcecode.swift; path = ToolCallView.swift; sourceTree = "<group>"; };
		5C99BC59EC29166729A8D136 /* AgentCardView.swift */ = {isa = PBXFileReference; lastKnownFileType = sourcecode.swift; path = AgentCardView.swift; sourceTree = "<group>"; };
		5CC7C1CD4C52BF84313E228B /* SidebarActivityIndicator.swift */ = {isa = PBXFileReference; lastKnownFileType = sourcecode.swift; path = SidebarActivityIndicator.swift; sourceTree = "<group>"; };
		5F57ED6C3449C0475EFB216F /* GroupAssemblerTests.swift */ = {isa = PBXFileReference; lastKnownFileType = sourcecode.swift; path = GroupAssemblerTests.swift; sourceTree = "<group>"; };
		60024D30214E174148439775 /* Catalog */ = {isa = PBXFileReference; lastKnownFileType = folder; name = Catalog; path = ClaudPeer/Resources/Catalog; sourceTree = SOURCE_ROOT; };
		6136D8E81C9441DC11457313 /* GroupWorkflowEngine.swift */ = {isa = PBXFileReference; lastKnownFileType = sourcecode.swift; path = GroupWorkflowEngine.swift; sourceTree = "<group>"; };
		67CA64CFC033D4351EBD4E65 /* ChatSendRouting.swift */ = {isa = PBXFileReference; lastKnownFileType = sourcecode.swift; path = ChatSendRouting.swift; sourceTree = "<group>"; };
		67FC5A4F5255F6C7A9C02A2F /* SkillLibraryView.swift */ = {isa = PBXFileReference; lastKnownFileType = sourcecode.swift; path = SkillLibraryView.swift; sourceTree = "<group>"; };
		6808B84A1CFF3027AA249095 /* GitHubIntegration.swift */ = {isa = PBXFileReference; lastKnownFileType = sourcecode.swift; path = GitHubIntegration.swift; sourceTree = "<group>"; };
		68EA4FB151F4238EA55A907E /* PeerNetworkView.swift */ = {isa = PBXFileReference; lastKnownFileType = sourcecode.swift; path = PeerNetworkView.swift; sourceTree = "<group>"; };
		6BB97312B4398EA580A908C2 /* GroupEditorView.swift */ = {isa = PBXFileReference; lastKnownFileType = sourcecode.swift; path = GroupEditorView.swift; sourceTree = "<group>"; };
		6D110721821D9A245E125973 /* ConfigSyncService.swift */ = {isa = PBXFileReference; lastKnownFileType = sourcecode.swift; path = ConfigSyncService.swift; sourceTree = "<group>"; };
		6E8B556EA989E6594A79F693 /* FileExplorerView.swift */ = {isa = PBXFileReference; lastKnownFileType = sourcecode.swift; path = FileExplorerView.swift; sourceTree = "<group>"; };
		71858A7928EF68B4AFD1E09E /* InlineHTMLView.swift */ = {isa = PBXFileReference; lastKnownFileType = sourcecode.swift; path = InlineHTMLView.swift; sourceTree = "<group>"; };
		71CFB2B8835C44C52BD6A4E3 /* DefaultMCPs.json */ = {isa = PBXFileReference; lastKnownFileType = text.json; path = DefaultMCPs.json; sourceTree = "<group>"; };
		734C9FF6511B42B5B4FE203B /* sdk-ios */ = {isa = PBXFileReference; lastKnownFileType = folder; name = "sdk-ios"; path = "Dependencies/appxray/packages/sdk-ios"; sourceTree = SOURCE_ROOT; };
		78EF88F2AC9F72FB53538A66 /* P2PNetworkManager.swift */ = {isa = PBXFileReference; lastKnownFileType = sourcecode.swift; path = P2PNetworkManager.swift; sourceTree = "<group>"; };
		7D31FC5F506A816CF0343969 /* CatalogDetailView.swift */ = {isa = PBXFileReference; lastKnownFileType = sourcecode.swift; path = CatalogDetailView.swift; sourceTree = "<group>"; };
		81B9D50CF93D3A13DA686DAE /* MessageAttachment.swift */ = {isa = PBXFileReference; lastKnownFileType = sourcecode.swift; path = MessageAttachment.swift; sourceTree = "<group>"; };
		81C1BF271BA5B651A144D5F0 /* AgentProvisioner.swift */ = {isa = PBXFileReference; lastKnownFileType = sourcecode.swift; path = AgentProvisioner.swift; sourceTree = "<group>"; };
		8729095B2BA63374F1C5518A /* AttachmentStore.swift */ = {isa = PBXFileReference; lastKnownFileType = sourcecode.swift; path = AttachmentStore.swift; sourceTree = "<group>"; };
		8A8FFC6890CB51BBED09DE51 /* AppState.swift */ = {isa = PBXFileReference; lastKnownFileType = sourcecode.swift; path = AppState.swift; sourceTree = "<group>"; };
		8AEAFB690E8B0F13B4D18D04 /* ClaudPeerTests.xctest */ = {isa = PBXFileReference; explicitFileType = wrapper.cfbundle; includeInIndex = 0; path = ClaudPeerTests.xctest; sourceTree = BUILT_PRODUCTS_DIR; };
		8B1EC0423FD5B43E9D9DF2AA /* GroupAssembler.swift */ = {isa = PBXFileReference; lastKnownFileType = sourcecode.swift; path = GroupAssembler.swift; sourceTree = "<group>"; };
		8B780A33D047EFCFC942D87E /* FileExplorerIntegrationTests.swift */ = {isa = PBXFileReference; lastKnownFileType = sourcecode.swift; path = FileExplorerIntegrationTests.swift; sourceTree = "<group>"; };
		8F4FE2AD0C6E71009586ADE8 /* CatalogService.swift */ = {isa = PBXFileReference; lastKnownFileType = sourcecode.swift; path = CatalogService.swift; sourceTree = "<group>"; };
		8F8831CC40A23166C931AAE0 /* AutonomousMissionSheet.swift */ = {isa = PBXFileReference; lastKnownFileType = sourcecode.swift; path = AutonomousMissionSheet.swift; sourceTree = "<group>"; };
		914EA697DE0A07B913C8CA50 /* AgentEditorView.swift */ = {isa = PBXFileReference; lastKnownFileType = sourcecode.swift; path = AgentEditorView.swift; sourceTree = "<group>"; };
		93A4A2675FD0B802EB09CAD7 /* StreamingIndicator.swift */ = {isa = PBXFileReference; lastKnownFileType = sourcecode.swift; path = StreamingIndicator.swift; sourceTree = "<group>"; };
		948463B26EF5D45E42CEBE8E /* SkillEditorView.swift */ = {isa = PBXFileReference; lastKnownFileType = sourcecode.swift; path = SkillEditorView.swift; sourceTree = "<group>"; };
		97C87BCB7D887D7A40633D22 /* RichChatComponentTests.swift */ = {isa = PBXFileReference; lastKnownFileType = sourcecode.swift; path = RichChatComponentTests.swift; sourceTree = "<group>"; };
		992A76147316E10E0359165B /* StatusBadge.swift */ = {isa = PBXFileReference; lastKnownFileType = sourcecode.swift; path = StatusBadge.swift; sourceTree = "<group>"; };
		9D743EEC73CD94CD9BB8F8E5 /* GroupWorkingDirectory.swift */ = {isa = PBXFileReference; lastKnownFileType = sourcecode.swift; path = GroupWorkingDirectory.swift; sourceTree = "<group>"; };
		9DAEBF3A1B86993FCA123363 /* WorkshopEntityRow.swift */ = {isa = PBXFileReference; lastKnownFileType = sourcecode.swift; path = WorkshopEntityRow.swift; sourceTree = "<group>"; };
		9F5E796C26A8D793C87B113C /* AgentQuestionBubble.swift */ = {isa = PBXFileReference; lastKnownFileType = sourcecode.swift; path = AgentQuestionBubble.swift; sourceTree = "<group>"; };
		A0AB6CD263088A951CC825BB /* ClaudPeer.app */ = {isa = PBXFileReference; explicitFileType = wrapper.application; includeInIndex = 0; path = ClaudPeer.app; sourceTree = BUILT_PRODUCTS_DIR; };
		A7181864E0CE4BABC9D3F866 /* AllDoneBanner.swift */ = {isa = PBXFileReference; lastKnownFileType = sourcecode.swift; path = AllDoneBanner.swift; sourceTree = "<group>"; };
		A833D155DC0AD3A824197429 /* FileNodeTests.swift */ = {isa = PBXFileReference; lastKnownFileType = sourcecode.swift; path = FileNodeTests.swift; sourceTree = "<group>"; };
		A85EED55825AD6491C2C4B52 /* ChatView.swift */ = {isa = PBXFileReference; lastKnownFileType = sourcecode.swift; path = ChatView.swift; sourceTree = "<group>"; };
		A9337839D85BB71EF79FD5F3 /* TerminalOutputView.swift */ = {isa = PBXFileReference; lastKnownFileType = sourcecode.swift; path = TerminalOutputView.swift; sourceTree = "<group>"; };
		AC09D3F46964504D07ACDB0A /* FileSystemService.swift */ = {isa = PBXFileReference; lastKnownFileType = sourcecode.swift; path = FileSystemService.swift; sourceTree = "<group>"; };
		AE2FF5836052D6F1F820DCBA /* AgentFromPromptSheet.swift */ = {isa = PBXFileReference; lastKnownFileType = sourcecode.swift; path = AgentFromPromptSheet.swift; sourceTree = "<group>"; };
		B23E27BEA98A5FD69D9CE0CC /* SidecarManager.swift */ = {isa = PBXFileReference; lastKnownFileType = sourcecode.swift; path = SidecarManager.swift; sourceTree = "<group>"; };
		B4F486717BDF44CEA8256860 /* PermissionSet.swift */ = {isa = PBXFileReference; lastKnownFileType = sourcecode.swift; path = PermissionSet.swift; sourceTree = "<group>"; };
		B7E20C232EF0FDCB15C1A11F /* SidebarView.swift */ = {isa = PBXFileReference; lastKnownFileType = sourcecode.swift; path = SidebarView.swift; sourceTree = "<group>"; };
		B9951FFFD1B701984B418041 /* ClaudPeerApp.swift */ = {isa = PBXFileReference; lastKnownFileType = sourcecode.swift; path = ClaudPeerApp.swift; sourceTree = "<group>"; };
		BAE5F2C7CD78539D60CE8B65 /* SessionSummaryCard.swift */ = {isa = PBXFileReference; lastKnownFileType = sourcecode.swift; path = SessionSummaryCard.swift; sourceTree = "<group>"; };
		BB94D33A76F5B932BC491092 /* AutoAssembleSheet.swift */ = {isa = PBXFileReference; lastKnownFileType = sourcecode.swift; path = AutoAssembleSheet.swift; sourceTree = "<group>"; };
		BDCE97B018C8576558100F88 /* AgentSuggestions.swift */ = {isa = PBXFileReference; lastKnownFileType = sourcecode.swift; path = AgentSuggestions.swift; sourceTree = "<group>"; };
		C1A3202BFAB1DAD66AC5E112 /* AddAgentsToChatSheet.swift */ = {isa = PBXFileReference; lastKnownFileType = sourcecode.swift; path = AddAgentsToChatSheet.swift; sourceTree = "<group>"; };
		C1C920CE61C35A41E207ECFF /* CatalogBrowserView.swift */ = {isa = PBXFileReference; lastKnownFileType = sourcecode.swift; path = CatalogBrowserView.swift; sourceTree = "<group>"; };
		C2AD160F86173E2CF3766824 /* GroupPopoverView.swift */ = {isa = PBXFileReference; lastKnownFileType = sourcecode.swift; path = GroupPopoverView.swift; sourceTree = "<group>"; };
		C371AD5F769C2CCCF62DE333 /* MessageBubble.swift */ = {isa = PBXFileReference; lastKnownFileType = sourcecode.swift; path = MessageBubble.swift; sourceTree = "<group>"; };
		C65F909FC976452DE4674CD6 /* GroupPeerFanOutContext.swift */ = {isa = PBXFileReference; lastKnownFileType = sourcecode.swift; path = GroupPeerFanOutContext.swift; sourceTree = "<group>"; };
		C97D48E6D1102BCF5E092886 /* Skill.swift */ = {isa = PBXFileReference; lastKnownFileType = sourcecode.swift; path = Skill.swift; sourceTree = "<group>"; };
		CF7DE569AA584CC2C46F605D /* Participant.swift */ = {isa = PBXFileReference; lastKnownFileType = sourcecode.swift; path = Participant.swift; sourceTree = "<group>"; };
		D32DC9B7849C35D2E2BD5A46 /* AgentSidebarRowView.swift */ = {isa = PBXFileReference; lastKnownFileType = sourcecode.swift; path = AgentSidebarRowView.swift; sourceTree = "<group>"; };
		D3AD5E6689CDA96ED2EA3121 /* InspectorView.swift */ = {isa = PBXFileReference; lastKnownFileType = sourcecode.swift; path = InspectorView.swift; sourceTree = "<group>"; };
		D43747F7AD28D67F8EB351FE /* WorkingDirectoryPicker.swift */ = {isa = PBXFileReference; lastKnownFileType = sourcecode.swift; path = WorkingDirectoryPicker.swift; sourceTree = "<group>"; };
		DBBB69F435B0D50CE0DA4CB7 /* WorktreeCleanup.swift */ = {isa = PBXFileReference; lastKnownFileType = sourcecode.swift; path = WorktreeCleanup.swift; sourceTree = "<group>"; };
		DC682DE34A4FB697E73ECE5A /* GroupSummaryCard.swift */ = {isa = PBXFileReference; lastKnownFileType = sourcecode.swift; path = GroupSummaryCard.swift; sourceTree = "<group>"; };
		DE50B7464F5EC0FA8C23FF12 /* PeerAgentImporter.swift */ = {isa = PBXFileReference; lastKnownFileType = sourcecode.swift; path = PeerAgentImporter.swift; sourceTree = "<group>"; };
		DF1CB295C4AB137634A64C51 /* RecentRepos.swift */ = {isa = PBXFileReference; lastKnownFileType = sourcecode.swift; path = RecentRepos.swift; sourceTree = "<group>"; };
		E0954564CB96BAC2B83DCC80 /* AgentGroup.swift */ = {isa = PBXFileReference; lastKnownFileType = sourcecode.swift; path = AgentGroup.swift; sourceTree = "<group>"; };
		E10195A5CE1B012128B052BD /* ChatTranscriptExport.swift */ = {isa = PBXFileReference; lastKnownFileType = sourcecode.swift; path = ChatTranscriptExport.swift; sourceTree = "<group>"; };
		E3AB1005FC694014147F0C43 /* PasteableTextField.swift */ = {isa = PBXFileReference; lastKnownFileType = sourcecode.swift; path = PasteableTextField.swift; sourceTree = "<group>"; };
		E55639E38311435A165FCF48 /* NewSessionSheet.swift */ = {isa = PBXFileReference; lastKnownFileType = sourcecode.swift; path = NewSessionSheet.swift; sourceTree = "<group>"; };
		E85717EAA6539ABF15E1236B /* GroupPromptBuilderTests.swift */ = {isa = PBXFileReference; lastKnownFileType = sourcecode.swift; path = GroupPromptBuilderTests.swift; sourceTree = "<group>"; };
		E8B01856A3335626C40FF5E0 /* HighlightedCodeView.swift */ = {isa = PBXFileReference; lastKnownFileType = sourcecode.swift; path = HighlightedCodeView.swift; sourceTree = "<group>"; };
		E8F5E8B4C36DEF6E8D05BD78 /* ChatNotificationManager.swift */ = {isa = PBXFileReference; lastKnownFileType = sourcecode.swift; path = ChatNotificationManager.swift; sourceTree = "<group>"; };
		EB05E5237D29A3487DAD6DAB /* GroupSidebarRowView.swift */ = {isa = PBXFileReference; lastKnownFileType = sourcecode.swift; path = GroupSidebarRowView.swift; sourceTree = "<group>"; };
		ECDF40AF37752B26489E1353 /* MarkdownContent.swift */ = {isa = PBXFileReference; lastKnownFileType = sourcecode.swift; path = MarkdownContent.swift; sourceTree = "<group>"; };
		EDE4FF0F6FCB68B20DEF3C69 /* GroupSummaryBuilder.swift */ = {isa = PBXFileReference; lastKnownFileType = sourcecode.swift; path = GroupSummaryBuilder.swift; sourceTree = "<group>"; };
		F28ADA7E705CF0F037084F5A /* Conversation.swift */ = {isa = PBXFileReference; lastKnownFileType = sourcecode.swift; path = Conversation.swift; sourceTree = "<group>"; };
		F435FB80932A12F4BC591209 /* SidebarSectionTests.swift */ = {isa = PBXFileReference; lastKnownFileType = sourcecode.swift; path = SidebarSectionTests.swift; sourceTree = "<group>"; };
		F640FD676BD0AED6B18E9AC9 /* FileContentView.swift */ = {isa = PBXFileReference; lastKnownFileType = sourcecode.swift; path = FileContentView.swift; sourceTree = "<group>"; };
		F699A7551BB3459C5FA21861 /* WelcomeView.swift */ = {isa = PBXFileReference; lastKnownFileType = sourcecode.swift; path = WelcomeView.swift; sourceTree = "<group>"; };
		F88CEE77AD1CAF650FA09785 /* ColorExtension.swift */ = {isa = PBXFileReference; lastKnownFileType = sourcecode.swift; path = ColorExtension.swift; sourceTree = "<group>"; };
		F893A9826F1A5CCA6826A85D /* AgentPreviewCard.swift */ = {isa = PBXFileReference; lastKnownFileType = sourcecode.swift; path = AgentPreviewCard.swift; sourceTree = "<group>"; };
		FB5B66E51E1263B5C18C6A5E /* InstanceConfig.swift */ = {isa = PBXFileReference; lastKnownFileType = sourcecode.swift; path = InstanceConfig.swift; sourceTree = "<group>"; };
		FDF82D9971D18D910148367D /* GroupDetailView.swift */ = {isa = PBXFileReference; lastKnownFileType = sourcecode.swift; path = GroupDetailView.swift; sourceTree = "<group>"; };
		FFFB7B120EC69EBB09A4944F /* ClaudPeer.entitlements */ = {isa = PBXFileReference; lastKnownFileType = text.plist.entitlements; path = ClaudPeer.entitlements; sourceTree = "<group>"; };
/* End PBXFileReference section */

/* Begin PBXFrameworksBuildPhase section */
		3254DE1A9EFF8A9EF78C30AC /* Frameworks */ = {
			isa = PBXFrameworksBuildPhase;
			buildActionMask = 2147483647;
			files = (
				AD124ED10C41F0ECB603E2C1 /* AppXray in Frameworks */,
				16F867609271AC5DF2B0AF1A /* MarkdownUI in Frameworks */,
				14D861CF5B13293CAD511152 /* Highlightr in Frameworks */,
			);
			runOnlyForDeploymentPostprocessing = 0;
		};
/* End PBXFrameworksBuildPhase section */

/* Begin PBXGroup section */
		0674E15E834374F8708B96D6 /* ClaudPeer */ = {
			isa = PBXGroup;
			children = (
				A28581DC9C1DDE84804C5C35 /* App */,
				B5E927DB75F59822A3CD32EA /* Models */,
				D028C001B9F0B90697FE7DFB /* Resources */,
				D1CE1EC2D3014FA407052324 /* Services */,
				A88947A333B8FEF29230075B /* Views */,
			);
			path = ClaudPeer;
			sourceTree = "<group>";
		};
		09B9BA866AB915BB80B4F77A /* Packages */ = {
			isa = PBXGroup;
			children = (
				734C9FF6511B42B5B4FE203B /* sdk-ios */,
			);
			name = Packages;
			sourceTree = "<group>";
		};
		39095F94157A5F1ED31F3C28 /* GroupLibrary */ = {
			isa = PBXGroup;
			children = (
				BB94D33A76F5B932BC491092 /* AutoAssembleSheet.swift */,
				8F8831CC40A23166C931AAE0 /* AutonomousMissionSheet.swift */,
				51FC0B25354B73D661F0FAFE /* GroupCardView.swift */,
				FDF82D9971D18D910148367D /* GroupDetailView.swift */,
				6BB97312B4398EA580A908C2 /* GroupEditorView.swift */,
				3131F3536596320025B61147 /* GroupLibraryView.swift */,
				C2AD160F86173E2CF3766824 /* GroupPopoverView.swift */,
				EB05E5237D29A3487DAD6DAB /* GroupSidebarRowView.swift */,
				34FC2DB2203433D31EBF1BC1 /* WorkflowEditorView.swift */,
			);
			path = GroupLibrary;
			sourceTree = "<group>";
		};
		3A2CE239D4278A78B19E1ED5 /* Products */ = {
			isa = PBXGroup;
			children = (
				A0AB6CD263088A951CC825BB /* ClaudPeer.app */,
				8AEAFB690E8B0F13B4D18D04 /* ClaudPeerTests.xctest */,
			);
			name = Products;
			sourceTree = "<group>";
		};
		53EBC451F85591F3649A3A3A /* MainWindow */ = {
			isa = PBXGroup;
			children = (
				C1A3202BFAB1DAD66AC5E112 /* AddAgentsToChatSheet.swift */,
				D32DC9B7849C35D2E2BD5A46 /* AgentSidebarRowView.swift */,
				BDCE97B018C8576558100F88 /* AgentSuggestions.swift */,
				4561C1E318499CC7977EDA25 /* AttachRepoSheet.swift */,
				A85EED55825AD6491C2C4B52 /* ChatView.swift */,
				F640FD676BD0AED6B18E9AC9 /* FileContentView.swift */,
				6E8B556EA989E6594A79F693 /* FileExplorerView.swift */,
				358BF3BDC51165B45EA9F6B5 /* FileTreeView.swift */,
				D3AD5E6689CDA96ED2EA3121 /* InspectorView.swift */,
				3E4DCE83740204D511E3B0D1 /* MainWindowView.swift */,
				E55639E38311435A165FCF48 /* NewSessionSheet.swift */,
				68EA4FB151F4238EA55A907E /* PeerNetworkView.swift */,
				B7E20C232EF0FDCB15C1A11F /* SidebarView.swift */,
				F699A7551BB3459C5FA21861 /* WelcomeView.swift */,
				D43747F7AD28D67F8EB351FE /* WorkingDirectoryPicker.swift */,
			);
			path = MainWindow;
			sourceTree = "<group>";
		};
		6DBD0E1DBD4B4CE61868E9E5 /* Network */ = {
			isa = PBXGroup;
			children = (
			);
			path = Network;
			sourceTree = "<group>";
		};
		7DF9A3D57A66E43BCE11D949 /* ClaudPeerTests */ = {
			isa = PBXGroup;
			children = (
				2565D3E7261B7FAA86DCD713 /* AppStateEventTests.swift */,
				1DF42729E8075F148CDEA31B /* CatalogModelTests.swift */,
				1B2016CB468A359AF549D79A /* CatalogServiceTests.swift */,
				521C14971AF9F1032D60AC11 /* ChatSendRoutingTests.swift */,
				4FFCE27F48F95EE59B8E27E0 /* ChatTranscriptExportTests.swift */,
				8B780A33D047EFCFC942D87E /* FileExplorerIntegrationTests.swift */,
				A833D155DC0AD3A824197429 /* FileNodeTests.swift */,
				0BAC9AA6D718EC8B68B49A0C /* FileSystemServiceTests.swift */,
				38F111E8979D43932412C844 /* GitServiceTests.swift */,
				5F57ED6C3449C0475EFB216F /* GroupAssemblerTests.swift */,
				E85717EAA6539ABF15E1236B /* GroupPromptBuilderTests.swift */,
				3DB65530D86E5D6DCF4CBF50 /* GroupRoleTests.swift */,
				3881E88C458AB35F661F8F3B /* GroupSummaryTests.swift */,
				49195965D3224402E6B207BB /* GroupWorkflowTests.swift */,
				1AC4E1A19E6BDCC55C39EADA /* InstanceConfigTests.swift */,
				97C87BCB7D887D7A40633D22 /* RichChatComponentTests.swift */,
				F435FB80932A12F4BC591209 /* SidebarSectionTests.swift */,
				5777453F812E89A97C5F7878 /* SidecarProtocolTests.swift */,
				257EC30B537C382049BFAD90 /* WorkshopViewTests.swift */,
				47B0FBA346EF9C4C13EE94AD /* WorkspaceResolverTests.swift */,
			);
			path = ClaudPeerTests;
			sourceTree = "<group>";
		};
		7FC64E90CB3390DAC681F965 /* PoolManagers */ = {
			isa = PBXGroup;
			children = (
			);
			path = PoolManagers;
			sourceTree = "<group>";
		};
		8ACCECDACEC9242D1D39D407 /* AgentComms */ = {
			isa = PBXGroup;
			children = (
				112F5F61439F2CFA5089C26D /* AgentCommsView.swift */,
			);
			path = AgentComms;
			sourceTree = "<group>";
		};
		8C3CD942C40C9D3EC70A41EF /* Catalog */ = {
			isa = PBXGroup;
			children = (
				C1C920CE61C35A41E207ECFF /* CatalogBrowserView.swift */,
				7D31FC5F506A816CF0343969 /* CatalogDetailView.swift */,
			);
			path = Catalog;
			sourceTree = "<group>";
		};
		90F387FF79F4AADFC6682795 /* MCPs */ = {
			isa = PBXGroup;
			children = (
				282E016E092AE47E6D931AF1 /* MCPEditorView.swift */,
				047F26DDE645163AF42F3911 /* MCPLibraryView.swift */,
			);
			path = MCPs;
			sourceTree = "<group>";
		};
		A28581DC9C1DDE84804C5C35 /* App */ = {
			isa = PBXGroup;
			children = (
				42A76141BC76F4391092AF63 /* AppSettings.swift */,
				8A8FFC6890CB51BBED09DE51 /* AppState.swift */,
				B9951FFFD1B701984B418041 /* ClaudPeerApp.swift */,
				FB5B66E51E1263B5C18C6A5E /* InstanceConfig.swift */,
			);
			path = App;
			sourceTree = "<group>";
		};
		A88947A333B8FEF29230075B /* Views */ = {
			isa = PBXGroup;
			children = (
				8ACCECDACEC9242D1D39D407 /* AgentComms */,
				C38C380ECC41B4E0F8D9C29E /* AgentLibrary */,
				8C3CD942C40C9D3EC70A41EF /* Catalog */,
				F8511895DF7F11074AC6CF63 /* Components */,
				39095F94157A5F1ED31F3C28 /* GroupLibrary */,
				53EBC451F85591F3649A3A3A /* MainWindow */,
				90F387FF79F4AADFC6682795 /* MCPs */,
				6DBD0E1DBD4B4CE61868E9E5 /* Network */,
				7FC64E90CB3390DAC681F965 /* PoolManagers */,
				DA73F619584A73B4A57416EB /* Settings */,
				F56E241DCAE52E8F2F01C3E3 /* Skills */,
				E417E9F1BA4F2E1B31F789DC /* Workshop */,
			);
			path = Views;
			sourceTree = "<group>";
		};
		B5E927DB75F59822A3CD32EA /* Models */ = {
			isa = PBXGroup;
			children = (
				55ECCF0C41C805426469FB1F /* Agent.swift */,
				E0954564CB96BAC2B83DCC80 /* AgentGroup.swift */,
				4A37CE0BFB1C6790555C1AF8 /* BlackboardEntry.swift */,
				F28ADA7E705CF0F037084F5A /* Conversation.swift */,
				2DDD8B8ADF7E2323CA716DA3 /* ConversationMessage.swift */,
				4E86CDFA7118712CB1B7C157 /* FileNode.swift */,
				2C1257645494483E9C7643DC /* GroupRole.swift */,
				434AB8CCCBFC14046A791D9F /* MCPServer.swift */,
				81B9D50CF93D3A13DA686DAE /* MessageAttachment.swift */,
				CF7DE569AA584CC2C46F605D /* Participant.swift */,
				5A738194FA05A5EEA92FF876 /* Peer.swift */,
				B4F486717BDF44CEA8256860 /* PermissionSet.swift */,
				437F587062E2C6F5DA16158B /* Session.swift */,
				0409B8E38BF69246D8716A45 /* SharedWorkspace.swift */,
				C97D48E6D1102BCF5E092886 /* Skill.swift */,
				4CF7AA5C49A3FC41126DEECF /* WorkflowStep.swift */,
			);
			path = Models;
			sourceTree = "<group>";
		};
		B87E06F65F59677CF1691CAE = {
			isa = PBXGroup;
			children = (
				60024D30214E174148439775 /* Catalog */,
				0674E15E834374F8708B96D6 /* ClaudPeer */,
				7DF9A3D57A66E43BCE11D949 /* ClaudPeerTests */,
				09B9BA866AB915BB80B4F77A /* Packages */,
				3A2CE239D4278A78B19E1ED5 /* Products */,
			);
			sourceTree = "<group>";
		};
		C38C380ECC41B4E0F8D9C29E /* AgentLibrary */ = {
			isa = PBXGroup;
			children = (
				914EA697DE0A07B913C8CA50 /* AgentEditorView.swift */,
				AE2FF5836052D6F1F820DCBA /* AgentFromPromptSheet.swift */,
				00F274BA95A407C22081C2C7 /* AgentLibraryView.swift */,
			);
			path = AgentLibrary;
			sourceTree = "<group>";
		};
		D028C001B9F0B90697FE7DFB /* Resources */ = {
			isa = PBXGroup;
			children = (
				3F7B1EC952EBA8591E97378A /* Assets.xcassets */,
				FFFB7B120EC69EBB09A4944F /* ClaudPeer.entitlements */,
				71CFB2B8835C44C52BD6A4E3 /* DefaultMCPs.json */,
				35DF91D842C679DF67DB0C52 /* DefaultPermissionPresets.json */,
			);
			path = Resources;
			sourceTree = "<group>";
		};
		D1CE1EC2D3014FA407052324 /* Services */ = {
			isa = PBXGroup;
			children = (
				81C1BF271BA5B651A144D5F0 /* AgentProvisioner.swift */,
				8729095B2BA63374F1C5518A /* AttachmentStore.swift */,
				33F3A6B4293EA73485A47239 /* AutonomousGroupEngine.swift */,
				8F4FE2AD0C6E71009586ADE8 /* CatalogService.swift */,
				056FB72F40897D7992543824 /* ChatExportPresenters.swift */,
				E8F5E8B4C36DEF6E8D05BD78 /* ChatNotificationManager.swift */,
				67CA64CFC033D4351EBD4E65 /* ChatSendRouting.swift */,
				E10195A5CE1B012128B052BD /* ChatTranscriptExport.swift */,
				4597DE9B811F413DBC572C7D /* ConfigFileManager.swift */,
				6D110721821D9A245E125973 /* ConfigSyncService.swift */,
				146347FEE9B08F7DECF3FD4D /* DefaultsSeeder.swift */,
				AC09D3F46964504D07ACDB0A /* FileSystemService.swift */,
				6808B84A1CFF3027AA249095 /* GitHubIntegration.swift */,
				02C3A772FC5229DDFA5E9D34 /* GitService.swift */,
				1745E0009016D0F4D1BEC482 /* GitWorkspacePreparer.swift */,
				8B1EC0423FD5B43E9D9DF2AA /* GroupAssembler.swift */,
				C65F909FC976452DE4674CD6 /* GroupPeerFanOutContext.swift */,
				1871CA94CE6B3042A9E9F46F /* GroupPromptBuilder.swift */,
				EDE4FF0F6FCB68B20DEF3C69 /* GroupSummaryBuilder.swift */,
				6136D8E81C9441DC11457313 /* GroupWorkflowEngine.swift */,
				9D743EEC73CD94CD9BB8F8E5 /* GroupWorkingDirectory.swift */,
				78EF88F2AC9F72FB53538A66 /* P2PNetworkManager.swift */,
				DE50B7464F5EC0FA8C23FF12 /* PeerAgentImporter.swift */,
				04D5179AA073FDA48AE30A1C /* PeerCatalogServer.swift */,
				295955FE705640AB390F56F7 /* PeerWireModels.swift */,
				0B628CFF45E38C8F19D627D0 /* RecentDirectories.swift */,
				DF1CB295C4AB137634A64C51 /* RecentRepos.swift */,
				B23E27BEA98A5FD69D9CE0CC /* SidecarManager.swift */,
				2B540F835EF29413ABD93A63 /* SidecarProtocol.swift */,
				1C0BE43793270FC4B15B426B /* WorkspaceResolver.swift */,
				DBBB69F435B0D50CE0DA4CB7 /* WorktreeCleanup.swift */,
			);
			path = Services;
			sourceTree = "<group>";
		};
		DA73F619584A73B4A57416EB /* Settings */ = {
			isa = PBXGroup;
			children = (
				5A05BE2704B80EEC18221F92 /* SettingsView.swift */,
			);
			path = Settings;
			sourceTree = "<group>";
		};
		E417E9F1BA4F2E1B31F789DC /* Workshop */ = {
			isa = PBXGroup;
			children = (
				517FCD7FC0166416A0C856C4 /* WorkshopDetailPanel.swift */,
				501A1D34E048FE7EC4FA964C /* WorkshopEntityBrowser.swift */,
				9DAEBF3A1B86993FCA123363 /* WorkshopEntityRow.swift */,
				09F2B4FF765F031059076A2B /* WorkshopView.swift */,
			);
			path = Workshop;
			sourceTree = "<group>";
		};
		F56E241DCAE52E8F2F01C3E3 /* Skills */ = {
			isa = PBXGroup;
			children = (
				948463B26EF5D45E42CEBE8E /* SkillEditorView.swift */,
				67FC5A4F5255F6C7A9C02A2F /* SkillLibraryView.swift */,
			);
			path = Skills;
			sourceTree = "<group>";
		};
		F8511895DF7F11074AC6CF63 /* Components */ = {
			isa = PBXGroup;
			children = (
				482A2DC2F1219536285F0500 /* AgentActivityBar.swift */,
				5C99BC59EC29166729A8D136 /* AgentCardView.swift */,
				F893A9826F1A5CCA6826A85D /* AgentPreviewCard.swift */,
				9F5E796C26A8D793C87B113C /* AgentQuestionBubble.swift */,
				A7181864E0CE4BABC9D3F866 /* AllDoneBanner.swift */,
				0E44B3C765BC7AAAD48454D2 /* AttachmentThumbnail.swift */,
				016F1CC66943E5C4EDA8A066 /* CodeBlockView.swift */,
				F88CEE77AD1CAF650FA09785 /* ColorExtension.swift */,
				524B9ABDC5AF9E1B2192E9EA /* ConversationTreeNode.swift */,
				2C93E16DEA449F6E03F5BDB9 /* DelegateSheet.swift */,
				DC682DE34A4FB697E73ECE5A /* GroupSummaryCard.swift */,
				E8B01856A3335626C40FF5E0 /* HighlightedCodeView.swift */,
				366DFE642C902647403BE941 /* ImagePreviewOverlay.swift */,
				0516CE1305E32D17A943C8B0 /* InlineDiffView.swift */,
				71858A7928EF68B4AFD1E09E /* InlineHTMLView.swift */,
				ECDF40AF37752B26489E1353 /* MarkdownContent.swift */,
				4D9A47272BCF54E206BE8C72 /* MermaidDiagramView.swift */,
				C371AD5F769C2CCCF62DE333 /* MessageBubble.swift */,
				E3AB1005FC694014147F0C43 /* PasteableTextField.swift */,
				BAE5F2C7CD78539D60CE8B65 /* SessionSummaryCard.swift */,
				5CC7C1CD4C52BF84313E228B /* SidebarActivityIndicator.swift */,
				992A76147316E10E0359165B /* StatusBadge.swift */,
				93A4A2675FD0B802EB09CAD7 /* StreamingIndicator.swift */,
				A9337839D85BB71EF79FD5F3 /* TerminalOutputView.swift */,
				5BA524924978FFC51437377B /* ToolCallView.swift */,
			);
			path = Components;
			sourceTree = "<group>";
		};
/* End PBXGroup section */

/* Begin PBXNativeTarget section */
		30E994BA5135B71D0F9370C2 /* ClaudPeerTests */ = {
			isa = PBXNativeTarget;
			buildConfigurationList = 29B7267F1B3D08E2444DFD0C /* Build configuration list for PBXNativeTarget "ClaudPeerTests" */;
			buildPhases = (
				3A664D0E71D53CA930498DF8 /* Sources */,
			);
			buildRules = (
			);
			dependencies = (
				0EC52EF3E54A2B70EF9DA19B /* PBXTargetDependency */,
			);
			name = ClaudPeerTests;
			packageProductDependencies = (
			);
			productName = ClaudPeerTests;
			productReference = 8AEAFB690E8B0F13B4D18D04 /* ClaudPeerTests.xctest */;
			productType = "com.apple.product-type.bundle.unit-test";
		};
		B67F70736B61C29F868F952E /* ClaudPeer */ = {
			isa = PBXNativeTarget;
			buildConfigurationList = 66C2E45ED85D7AD7CDBF043F /* Build configuration list for PBXNativeTarget "ClaudPeer" */;
			buildPhases = (
				C495A5277DAABA8E705DBFC0 /* Sources */,
				E48BEC8ABD66937AE8FBECAE /* Resources */,
				3254DE1A9EFF8A9EF78C30AC /* Frameworks */,
			);
			buildRules = (
			);
			dependencies = (
			);
			name = ClaudPeer;
			packageProductDependencies = (
				529C5CE522A9DF72939E5B46 /* AppXray */,
				5F2B490AFC7F1171B0171214 /* MarkdownUI */,
				8AEED4FD32C0679D7D6687BB /* Highlightr */,
			);
			productName = ClaudPeer;
			productReference = A0AB6CD263088A951CC825BB /* ClaudPeer.app */;
			productType = "com.apple.product-type.application";
		};
/* End PBXNativeTarget section */

/* Begin PBXProject section */
		077DD9DDC7767BF3C24DD8C7 /* Project object */ = {
			isa = PBXProject;
			attributes = {
				BuildIndependentTargetsInParallel = YES;
				LastUpgradeCheck = 1600;
				TargetAttributes = {
					B67F70736B61C29F868F952E = {
						ProvisioningStyle = Automatic;
					};
				};
			};
			buildConfigurationList = BDC638D18741A2AD218B190C /* Build configuration list for PBXProject "ClaudPeer" */;
			compatibilityVersion = "Xcode 14.0";
			developmentRegion = en;
			hasScannedForEncodings = 0;
			knownRegions = (
				Base,
				en,
			);
			mainGroup = B87E06F65F59677CF1691CAE;
			minimizedProjectReferenceProxies = 1;
			packageReferences = (
				896D8EBB357E9251F29EAD17 /* XCRemoteSwiftPackageReference "Highlightr" */,
				0D1FAB6A4E0E5562217535B7 /* XCRemoteSwiftPackageReference "swift-markdown-ui" */,
				58AC312C52DC399BE88FACA0 /* XCLocalSwiftPackageReference "Dependencies/appxray/packages/sdk-ios" */,
			);
			preferredProjectObjectVersion = 77;
			projectDirPath = "";
			projectRoot = "";
			targets = (
				B67F70736B61C29F868F952E /* ClaudPeer */,
				30E994BA5135B71D0F9370C2 /* ClaudPeerTests */,
			);
		};
/* End PBXProject section */

/* Begin PBXResourcesBuildPhase section */
		E48BEC8ABD66937AE8FBECAE /* Resources */ = {
			isa = PBXResourcesBuildPhase;
			buildActionMask = 2147483647;
			files = (
				F76856E71DF97C2C065873FC /* Assets.xcassets in Resources */,
				51AA35A6ECEF7C5027DA0038 /* Catalog in Resources */,
				E803E9987F6AC8A21A2AEFEE /* DefaultMCPs.json in Resources */,
				AB82FF8626C71D3F72057DCC /* DefaultPermissionPresets.json in Resources */,
			);
			runOnlyForDeploymentPostprocessing = 0;
		};
/* End PBXResourcesBuildPhase section */

/* Begin PBXSourcesBuildPhase section */
		3A664D0E71D53CA930498DF8 /* Sources */ = {
			isa = PBXSourcesBuildPhase;
			buildActionMask = 2147483647;
			files = (
				278570B93350EA0113C4909E /* AppStateEventTests.swift in Sources */,
				E0A143D7407B83868FAA8CEB /* CatalogModelTests.swift in Sources */,
				A143B58755FA1EC441E1E50C /* CatalogServiceTests.swift in Sources */,
				82B5805934EF673CD8677361 /* ChatSendRoutingTests.swift in Sources */,
				D40FDF4B78533479995D0744 /* ChatTranscriptExportTests.swift in Sources */,
				4F46A5EB13BB15C37F9B191D /* FileExplorerIntegrationTests.swift in Sources */,
				26D2D8EC8E0508F1DBB934C2 /* FileNodeTests.swift in Sources */,
				FCDB63BA5E4CFEE46B4C6E3E /* FileSystemServiceTests.swift in Sources */,
				64B029546879C9B3F357DA64 /* GitServiceTests.swift in Sources */,
				BD6AC3240828B2CA5E0327D4 /* GroupAssemblerTests.swift in Sources */,
				DE74F66D7B907930BD6D536E /* GroupPromptBuilderTests.swift in Sources */,
				61B7BD9D1EF3A81EBC9EC663 /* GroupRoleTests.swift in Sources */,
				7686221DF4816DFA817F0158 /* GroupSummaryTests.swift in Sources */,
				5B09EBC3FC6D493388ABCCCB /* GroupWorkflowTests.swift in Sources */,
				F30BBE1A91B9586947C5625C /* InstanceConfigTests.swift in Sources */,
				62DFEEA128D278F20ADB5CF3 /* RichChatComponentTests.swift in Sources */,
				88EA8ACC32BFC0770AB196E0 /* SidebarSectionTests.swift in Sources */,
				1C080C704D3C5EF24F998B41 /* SidecarProtocolTests.swift in Sources */,
				5D3942068F130232A06DEC6A /* WorkshopViewTests.swift in Sources */,
				B66B134EAA88E378E9EDA374 /* WorkspaceResolverTests.swift in Sources */,
			);
			runOnlyForDeploymentPostprocessing = 0;
		};
		C495A5277DAABA8E705DBFC0 /* Sources */ = {
			isa = PBXSourcesBuildPhase;
			buildActionMask = 2147483647;
			files = (
				CE22C0A132B7BFC37C676336 /* AddAgentsToChatSheet.swift in Sources */,
				055741AF6E514728DCB92B4E /* Agent.swift in Sources */,
				C185297A50777B6FBA2A6DAA /* AgentActivityBar.swift in Sources */,
				59D94180C1FE19A3D282A438 /* AgentCardView.swift in Sources */,
				47D435B1886BD0AC916A1E84 /* AgentCommsView.swift in Sources */,
				860CB66A01CCEC6EAF2460AF /* AgentEditorView.swift in Sources */,
				6C4A2EF81AA77F19C5B6752C /* AgentFromPromptSheet.swift in Sources */,
				8538BF4562F7345FA6B88A3B /* AgentGroup.swift in Sources */,
				0E1C572F81FA8CA327BBCBFC /* AgentLibraryView.swift in Sources */,
				CAD5574E06C26A5D9EBF249E /* AgentPreviewCard.swift in Sources */,
				DB7F71F383C349A2774C9E15 /* AgentProvisioner.swift in Sources */,
				79F811D67189FB4186690315 /* AgentQuestionBubble.swift in Sources */,
				45D7710552D8B8EC1D641456 /* AgentSidebarRowView.swift in Sources */,
				9EDD40517114FE6058BDE11B /* AgentSuggestions.swift in Sources */,
				FFD1E8D7ED51742911F36BFB /* AllDoneBanner.swift in Sources */,
				499DA75DF03FBC8F89EBACFA /* AppSettings.swift in Sources */,
				8BEC63FC6F31E91EF592225D /* AppState.swift in Sources */,
				C6552EBEC99D16A172CB5CA9 /* AttachRepoSheet.swift in Sources */,
				4769795E83731F9ED13D116A /* AttachmentStore.swift in Sources */,
				A530F8A9507C64D41DFA5476 /* AttachmentThumbnail.swift in Sources */,
				4BECED6525C3E79940B29B97 /* AutoAssembleSheet.swift in Sources */,
				82F2415C2C8C5B58760304A1 /* AutonomousGroupEngine.swift in Sources */,
				5B7926646CAC88CBBA1C56B5 /* AutonomousMissionSheet.swift in Sources */,
				5B631136B8D2C4EDD6A3B646 /* BlackboardEntry.swift in Sources */,
				E7B8F4EEA002301168EF50FA /* CatalogBrowserView.swift in Sources */,
				20E306DBF570FF23246E8933 /* CatalogDetailView.swift in Sources */,
				FCCDF203D5B2716A9237FE44 /* CatalogService.swift in Sources */,
				9424D109A8033AFF2DF9A8BC /* ChatExportPresenters.swift in Sources */,
				DE40DF6CB7A7D0E02A9B3D9B /* ChatNotificationManager.swift in Sources */,
				01AAD2051A1F0A0C17B66401 /* ChatSendRouting.swift in Sources */,
				E0E3A29A89AB7C3C4E03AC1D /* ChatTranscriptExport.swift in Sources */,
				2CBFE743EF644CA057D27A53 /* ChatView.swift in Sources */,
				0E04AD12F853FD94FD789F88 /* ClaudPeerApp.swift in Sources */,
				463F0ABBA348891D29015117 /* CodeBlockView.swift in Sources */,
				896006FD0E26239ACC323138 /* ColorExtension.swift in Sources */,
				F4BA4A9BB78FED2DE3D95393 /* ConfigFileManager.swift in Sources */,
				9AE88E597F8D225F88A985E3 /* ConfigSyncService.swift in Sources */,
				DC375348236D21D13A5954F2 /* Conversation.swift in Sources */,
				BA6E4E7A9CED39E42099D523 /* ConversationMessage.swift in Sources */,
				E701154D0CB6746A491CDAC2 /* ConversationTreeNode.swift in Sources */,
				F53BDB56112B28F330F4BDF8 /* DefaultsSeeder.swift in Sources */,
				ADF0ECE2F3A3CC83FAC6970E /* DelegateSheet.swift in Sources */,
				E26CDFCF45EF9DB26905363F /* FileContentView.swift in Sources */,
				2AD44F59FBC9B5655CD8802C /* FileExplorerView.swift in Sources */,
				B3B3CF4B6F06328FBAD4091E /* FileNode.swift in Sources */,
				D159BEDB7011BABB924C38FF /* FileSystemService.swift in Sources */,
				403ADEBE8CE7EFF439B62C91 /* FileTreeView.swift in Sources */,
				24003584E43082B09123CF03 /* GitHubIntegration.swift in Sources */,
				5EA1436B4AECC7C7C7F8E205 /* GitService.swift in Sources */,
				4C549BB70D871C4677527BF6 /* GitWorkspacePreparer.swift in Sources */,
				4D83C3AC19BB13A1343378EB /* GroupAssembler.swift in Sources */,
				6A29C1495146471A4C799407 /* GroupCardView.swift in Sources */,
				C28F8D3C16502B242B26F49E /* GroupDetailView.swift in Sources */,
				30DA292179FBBB740E6B67E2 /* GroupEditorView.swift in Sources */,
				11E43203A68E5734716947F3 /* GroupLibraryView.swift in Sources */,
				70DD119ED5D46386112FE3ED /* GroupPeerFanOutContext.swift in Sources */,
				0C1B81C9D91F77EF26CEEE44 /* GroupPopoverView.swift in Sources */,
				B562E734E0EDE27FAC6173E9 /* GroupPromptBuilder.swift in Sources */,
				F2D2AC534D90AC5840561808 /* GroupRole.swift in Sources */,
				C3282CB652BEAB2DCFB071F1 /* GroupSidebarRowView.swift in Sources */,
				6D60F034F3A00214C5360E91 /* GroupSummaryBuilder.swift in Sources */,
				F8982D15F6CF229A89C83F93 /* GroupSummaryCard.swift in Sources */,
				8EFE234751CDB57F519BC11A /* GroupWorkflowEngine.swift in Sources */,
				0E013D24E0C1BA94688FDAD1 /* GroupWorkingDirectory.swift in Sources */,
				474BB6C9622B4C00C6210BCE /* HighlightedCodeView.swift in Sources */,
				3B3341708474F23CC3EF52E6 /* ImagePreviewOverlay.swift in Sources */,
				1C0538DD225C49265B4052BA /* InlineDiffView.swift in Sources */,
				1481E56010A58C336C3F18BF /* InlineHTMLView.swift in Sources */,
				BB6DD316D281B45635C1FFA4 /* InspectorView.swift in Sources */,
				549887B09059F5E5F4927BA5 /* InstanceConfig.swift in Sources */,
				DD9D4792179204856CB04553 /* MCPEditorView.swift in Sources */,
				2F6B7440D1BF8033E64572F9 /* MCPLibraryView.swift in Sources */,
				B713D24060E01C04111FCA6D /* MCPServer.swift in Sources */,
				A3146BCE0C1A54EEB293B9F7 /* MainWindowView.swift in Sources */,
				45BA039A69A7118426C83D7D /* MarkdownContent.swift in Sources */,
				20AE1BD66F57BD8C7132A875 /* MermaidDiagramView.swift in Sources */,
				3676B046B9E4DDCEC99D0F6A /* MessageAttachment.swift in Sources */,
				A9D8E76955FDB5963668C17C /* MessageBubble.swift in Sources */,
				E566CEE5AE9A75C9CA511CE0 /* NewSessionSheet.swift in Sources */,
				42DFDC38029FBE726381AC9D /* P2PNetworkManager.swift in Sources */,
				A381CE91DA9750CE3EF75B14 /* Participant.swift in Sources */,
				2B1AD0069E8CB21120A2018F /* PasteableTextField.swift in Sources */,
				2E363A6440CBAE0CEB70B410 /* Peer.swift in Sources */,
				6ACD1F1C0D7329A214BA3D4C /* PeerAgentImporter.swift in Sources */,
				C6D2BF9D721ACE70596CF7B2 /* PeerCatalogServer.swift in Sources */,
				0FA50B09FC74F48EA9D216D4 /* PeerNetworkView.swift in Sources */,
				3E7BEC013C5C2E4D9D8EDD3E /* PeerWireModels.swift in Sources */,
				7A7F6E1699C592B0E2822C90 /* PermissionSet.swift in Sources */,
				F1151BA284E140621801A6E3 /* RecentDirectories.swift in Sources */,
				D1BCF026D25D7FCBCF9FAF3E /* RecentRepos.swift in Sources */,
				F733EBC50BEFCB54C7DA4B1B /* Session.swift in Sources */,
				FAF66A6605270507E8EA93BE /* SessionSummaryCard.swift in Sources */,
				A2FDDE6D95567398E5A6F6F2 /* SettingsView.swift in Sources */,
				3CE96E648151578B21F6A42E /* SharedWorkspace.swift in Sources */,
				AAA78D894E674126AFC33BC3 /* SidebarActivityIndicator.swift in Sources */,
				8E71BE6CF6CA16FBC5E7CFDF /* SidebarView.swift in Sources */,
				23C015DF87B84DC49231ADA6 /* SidecarManager.swift in Sources */,
				02A87E73A8C0410B81E72055 /* SidecarProtocol.swift in Sources */,
				ECDE6BF353A7B12DD4EDE369 /* Skill.swift in Sources */,
				966752D26A41EAB29082F9EF /* SkillEditorView.swift in Sources */,
				E9B66D0A2C0BF1E0DBAF391A /* SkillLibraryView.swift in Sources */,
				65E168BA6118477B801888EF /* StatusBadge.swift in Sources */,
				9F1BF2EDEEBA574EC8F77D3D /* StreamingIndicator.swift in Sources */,
				6DA312B6DD35C455A6531C5A /* TerminalOutputView.swift in Sources */,
				FC829CE2B376004F35ECD92A /* ToolCallView.swift in Sources */,
				F070C950DC26ACB5E2F47621 /* WelcomeView.swift in Sources */,
				FD84FF42B37C6BDA604F0F3D /* WorkflowEditorView.swift in Sources */,
				72414AE8386DCE713E11817B /* WorkflowStep.swift in Sources */,
				715FD59535088EE23FF3CAF8 /* WorkingDirectoryPicker.swift in Sources */,
				CFFB6D2D6760CA875E44F9E5 /* WorkshopDetailPanel.swift in Sources */,
				2F0893C0B2DA20D209304C90 /* WorkshopEntityBrowser.swift in Sources */,
				B3A793EF6D0726A0795BCB91 /* WorkshopEntityRow.swift in Sources */,
				602A52731CAD2B3C2DAC601F /* WorkshopView.swift in Sources */,
				794523A775FDD366B768AE3B /* WorkspaceResolver.swift in Sources */,
				62A6FD94EEC3F2EE5685D6CA /* WorktreeCleanup.swift in Sources */,
			);
			runOnlyForDeploymentPostprocessing = 0;
		};
/* End PBXSourcesBuildPhase section */

/* Begin PBXTargetDependency section */
		0EC52EF3E54A2B70EF9DA19B /* PBXTargetDependency */ = {
			isa = PBXTargetDependency;
			target = B67F70736B61C29F868F952E /* ClaudPeer */;
			targetProxy = 5EF88737FF704ABAC9BD6CB7 /* PBXContainerItemProxy */;
		};
/* End PBXTargetDependency section */

/* Begin XCBuildConfiguration section */
		3A700E1E83D846EB0B05F2A7 /* Release */ = {
			isa = XCBuildConfiguration;
			buildSettings = {
				BUNDLE_LOADER = "$(TEST_HOST)";
				COMBINE_HIDPI_IMAGES = YES;
				GENERATE_INFOPLIST_FILE = YES;
				LD_RUNPATH_SEARCH_PATHS = (
					"$(inherited)",
					"@executable_path/../Frameworks",
					"@loader_path/../Frameworks",
				);
				PRODUCT_BUNDLE_IDENTIFIER = com.claudpeer.tests;
				SDKROOT = macosx;
				TEST_HOST = "$(BUILT_PRODUCTS_DIR)/ClaudPeer.app/Contents/MacOS/ClaudPeer";
			};
			name = Release;
		};
		4C8CF5FAC30FD6A34730FAAB /* Debug */ = {
			isa = XCBuildConfiguration;
			buildSettings = {
				BUNDLE_LOADER = "$(TEST_HOST)";
				COMBINE_HIDPI_IMAGES = YES;
				GENERATE_INFOPLIST_FILE = YES;
				LD_RUNPATH_SEARCH_PATHS = (
					"$(inherited)",
					"@executable_path/../Frameworks",
					"@loader_path/../Frameworks",
				);
				PRODUCT_BUNDLE_IDENTIFIER = com.claudpeer.tests;
				SDKROOT = macosx;
				TEST_HOST = "$(BUILT_PRODUCTS_DIR)/ClaudPeer.app/Contents/MacOS/ClaudPeer";
			};
			name = Debug;
		};
		8719D944E1DFCA08C2E7025F /* Debug */ = {
			isa = XCBuildConfiguration;
			buildSettings = {
				ASSETCATALOG_COMPILER_APPICON_NAME = AppIcon;
				CODE_SIGN_ENTITLEMENTS = ClaudPeer/Resources/ClaudPeer.entitlements;
				CODE_SIGN_STYLE = Automatic;
				COMBINE_HIDPI_IMAGES = YES;
				CURRENT_PROJECT_VERSION = 1;
				ENABLE_HARDENED_RUNTIME = YES;
				GENERATE_INFOPLIST_FILE = YES;
				INFOPLIST_GENERATION_MODE = GeneratedByXcode;
				INFOPLIST_KEY_CFBundleDisplayName = ClaudPeer;
				INFOPLIST_KEY_LSApplicationCategoryType = "public.app-category.developer-tools";
				INFOPLIST_KEY_NSLocalNetworkUsageDescription = "ClaudPeer uses the local network to discover and share agent definitions with peers.";
				LD_RUNPATH_SEARCH_PATHS = (
					"$(inherited)",
					"@executable_path/../Frameworks",
				);
				MARKETING_VERSION = 0.1.0;
				PRODUCT_BUNDLE_IDENTIFIER = com.claudpeer.app;
				PRODUCT_NAME = ClaudPeer;
				SDKROOT = macosx;
				SWIFT_EMIT_LOC_STRINGS = YES;
			};
			name = Debug;
		};
		9B4E8F63425816B7B8002908 /* Debug */ = {
			isa = XCBuildConfiguration;
			buildSettings = {
				ALWAYS_SEARCH_USER_PATHS = NO;
				CLANG_ANALYZER_NONNULL = YES;
				CLANG_ANALYZER_NUMBER_OBJECT_CONVERSION = YES_AGGRESSIVE;
				CLANG_CXX_LANGUAGE_STANDARD = "gnu++14";
				CLANG_CXX_LIBRARY = "libc++";
				CLANG_ENABLE_MODULES = YES;
				CLANG_ENABLE_OBJC_ARC = YES;
				CLANG_ENABLE_OBJC_WEAK = YES;
				CLANG_WARN_BLOCK_CAPTURE_AUTORELEASING = YES;
				CLANG_WARN_BOOL_CONVERSION = YES;
				CLANG_WARN_COMMA = YES;
				CLANG_WARN_CONSTANT_CONVERSION = YES;
				CLANG_WARN_DEPRECATED_OBJC_IMPLEMENTATIONS = YES;
				CLANG_WARN_DIRECT_OBJC_ISA_USAGE = YES_ERROR;
				CLANG_WARN_DOCUMENTATION_COMMENTS = YES;
				CLANG_WARN_EMPTY_BODY = YES;
				CLANG_WARN_ENUM_CONVERSION = YES;
				CLANG_WARN_INFINITE_RECURSION = YES;
				CLANG_WARN_INT_CONVERSION = YES;
				CLANG_WARN_NON_LITERAL_NULL_CONVERSION = YES;
				CLANG_WARN_OBJC_IMPLICIT_RETAIN_SELF = YES;
				CLANG_WARN_OBJC_LITERAL_CONVERSION = YES;
				CLANG_WARN_OBJC_ROOT_CLASS = YES_ERROR;
				CLANG_WARN_QUOTED_INCLUDE_IN_FRAMEWORK_HEADER = YES;
				CLANG_WARN_RANGE_LOOP_ANALYSIS = YES;
				CLANG_WARN_STRICT_PROTOTYPES = YES;
				CLANG_WARN_SUSPICIOUS_MOVE = YES;
				CLANG_WARN_UNGUARDED_AVAILABILITY = YES_AGGRESSIVE;
				CLANG_WARN_UNREACHABLE_CODE = YES;
				CLANG_WARN__DUPLICATE_METHOD_MATCH = YES;
				COPY_PHASE_STRIP = NO;
				DEBUG_INFORMATION_FORMAT = dwarf;
				ENABLE_STRICT_OBJC_MSGSEND = YES;
				ENABLE_TESTABILITY = YES;
				GCC_C_LANGUAGE_STANDARD = gnu11;
				GCC_DYNAMIC_NO_PIC = NO;
				GCC_NO_COMMON_BLOCKS = YES;
				GCC_OPTIMIZATION_LEVEL = 0;
				GCC_PREPROCESSOR_DEFINITIONS = (
					"$(inherited)",
					"DEBUG=1",
				);
				GCC_WARN_64_TO_32_BIT_CONVERSION = YES;
				GCC_WARN_ABOUT_RETURN_TYPE = YES_ERROR;
				GCC_WARN_UNDECLARED_SELECTOR = YES;
				GCC_WARN_UNINITIALIZED_AUTOS = YES_AGGRESSIVE;
				GCC_WARN_UNUSED_FUNCTION = YES;
				GCC_WARN_UNUSED_VARIABLE = YES;
				MACOSX_DEPLOYMENT_TARGET = 14.0;
				MTL_ENABLE_DEBUG_INFO = INCLUDE_SOURCE;
				MTL_FAST_MATH = YES;
				ONLY_ACTIVE_ARCH = YES;
				PRODUCT_NAME = "$(TARGET_NAME)";
				SDKROOT = macosx;
				SWIFT_ACTIVE_COMPILATION_CONDITIONS = DEBUG;
				SWIFT_OPTIMIZATION_LEVEL = "-Onone";
				SWIFT_STRICT_CONCURRENCY = complete;
				SWIFT_VERSION = 6.0;
			};
			name = Debug;
		};
		9F034EE31DC748B27CB456A4 /* Release */ = {
			isa = XCBuildConfiguration;
			buildSettings = {
				ALWAYS_SEARCH_USER_PATHS = NO;
				CLANG_ANALYZER_NONNULL = YES;
				CLANG_ANALYZER_NUMBER_OBJECT_CONVERSION = YES_AGGRESSIVE;
				CLANG_CXX_LANGUAGE_STANDARD = "gnu++14";
				CLANG_CXX_LIBRARY = "libc++";
				CLANG_ENABLE_MODULES = YES;
				CLANG_ENABLE_OBJC_ARC = YES;
				CLANG_ENABLE_OBJC_WEAK = YES;
				CLANG_WARN_BLOCK_CAPTURE_AUTORELEASING = YES;
				CLANG_WARN_BOOL_CONVERSION = YES;
				CLANG_WARN_COMMA = YES;
				CLANG_WARN_CONSTANT_CONVERSION = YES;
				CLANG_WARN_DEPRECATED_OBJC_IMPLEMENTATIONS = YES;
				CLANG_WARN_DIRECT_OBJC_ISA_USAGE = YES_ERROR;
				CLANG_WARN_DOCUMENTATION_COMMENTS = YES;
				CLANG_WARN_EMPTY_BODY = YES;
				CLANG_WARN_ENUM_CONVERSION = YES;
				CLANG_WARN_INFINITE_RECURSION = YES;
				CLANG_WARN_INT_CONVERSION = YES;
				CLANG_WARN_NON_LITERAL_NULL_CONVERSION = YES;
				CLANG_WARN_OBJC_IMPLICIT_RETAIN_SELF = YES;
				CLANG_WARN_OBJC_LITERAL_CONVERSION = YES;
				CLANG_WARN_OBJC_ROOT_CLASS = YES_ERROR;
				CLANG_WARN_QUOTED_INCLUDE_IN_FRAMEWORK_HEADER = YES;
				CLANG_WARN_RANGE_LOOP_ANALYSIS = YES;
				CLANG_WARN_STRICT_PROTOTYPES = YES;
				CLANG_WARN_SUSPICIOUS_MOVE = YES;
				CLANG_WARN_UNGUARDED_AVAILABILITY = YES_AGGRESSIVE;
				CLANG_WARN_UNREACHABLE_CODE = YES;
				CLANG_WARN__DUPLICATE_METHOD_MATCH = YES;
				COPY_PHASE_STRIP = NO;
				DEBUG_INFORMATION_FORMAT = "dwarf-with-dsym";
				ENABLE_NS_ASSERTIONS = NO;
				ENABLE_STRICT_OBJC_MSGSEND = YES;
				GCC_C_LANGUAGE_STANDARD = gnu11;
				GCC_NO_COMMON_BLOCKS = YES;
				GCC_WARN_64_TO_32_BIT_CONVERSION = YES;
				GCC_WARN_ABOUT_RETURN_TYPE = YES_ERROR;
				GCC_WARN_UNDECLARED_SELECTOR = YES;
				GCC_WARN_UNINITIALIZED_AUTOS = YES_AGGRESSIVE;
				GCC_WARN_UNUSED_FUNCTION = YES;
				GCC_WARN_UNUSED_VARIABLE = YES;
				MACOSX_DEPLOYMENT_TARGET = 14.0;
				MTL_ENABLE_DEBUG_INFO = NO;
				MTL_FAST_MATH = YES;
				PRODUCT_NAME = "$(TARGET_NAME)";
				SDKROOT = macosx;
				SWIFT_COMPILATION_MODE = wholemodule;
				SWIFT_OPTIMIZATION_LEVEL = "-O";
				SWIFT_STRICT_CONCURRENCY = complete;
				SWIFT_VERSION = 6.0;
			};
			name = Release;
		};
		D7B4FF4DD6BC7ECFEF6EF68A /* Release */ = {
			isa = XCBuildConfiguration;
			buildSettings = {
				ASSETCATALOG_COMPILER_APPICON_NAME = AppIcon;
				CODE_SIGN_ENTITLEMENTS = ClaudPeer/Resources/ClaudPeer.entitlements;
				CODE_SIGN_STYLE = Automatic;
				COMBINE_HIDPI_IMAGES = YES;
				CURRENT_PROJECT_VERSION = 1;
				ENABLE_HARDENED_RUNTIME = YES;
				GENERATE_INFOPLIST_FILE = YES;
				INFOPLIST_GENERATION_MODE = GeneratedByXcode;
				INFOPLIST_KEY_CFBundleDisplayName = ClaudPeer;
				INFOPLIST_KEY_LSApplicationCategoryType = "public.app-category.developer-tools";
				INFOPLIST_KEY_NSLocalNetworkUsageDescription = "ClaudPeer uses the local network to discover and share agent definitions with peers.";
				LD_RUNPATH_SEARCH_PATHS = (
					"$(inherited)",
					"@executable_path/../Frameworks",
				);
				MARKETING_VERSION = 0.1.0;
				PRODUCT_BUNDLE_IDENTIFIER = com.claudpeer.app;
				PRODUCT_NAME = ClaudPeer;
				SDKROOT = macosx;
				SWIFT_EMIT_LOC_STRINGS = YES;
			};
			name = Release;
		};
/* End XCBuildConfiguration section */

/* Begin XCConfigurationList section */
		29B7267F1B3D08E2444DFD0C /* Build configuration list for PBXNativeTarget "ClaudPeerTests" */ = {
			isa = XCConfigurationList;
			buildConfigurations = (
				4C8CF5FAC30FD6A34730FAAB /* Debug */,
				3A700E1E83D846EB0B05F2A7 /* Release */,
			);
			defaultConfigurationIsVisible = 0;
			defaultConfigurationName = Debug;
		};
		66C2E45ED85D7AD7CDBF043F /* Build configuration list for PBXNativeTarget "ClaudPeer" */ = {
			isa = XCConfigurationList;
			buildConfigurations = (
				8719D944E1DFCA08C2E7025F /* Debug */,
				D7B4FF4DD6BC7ECFEF6EF68A /* Release */,
			);
			defaultConfigurationIsVisible = 0;
			defaultConfigurationName = Debug;
		};
		BDC638D18741A2AD218B190C /* Build configuration list for PBXProject "ClaudPeer" */ = {
			isa = XCConfigurationList;
			buildConfigurations = (
				9B4E8F63425816B7B8002908 /* Debug */,
				9F034EE31DC748B27CB456A4 /* Release */,
			);
			defaultConfigurationIsVisible = 0;
			defaultConfigurationName = Debug;
		};
/* End XCConfigurationList section */

/* Begin XCLocalSwiftPackageReference section */
		58AC312C52DC399BE88FACA0 /* XCLocalSwiftPackageReference "Dependencies/appxray/packages/sdk-ios" */ = {
			isa = XCLocalSwiftPackageReference;
			relativePath = "Dependencies/appxray/packages/sdk-ios";
		};
/* End XCLocalSwiftPackageReference section */

/* Begin XCRemoteSwiftPackageReference section */
		0D1FAB6A4E0E5562217535B7 /* XCRemoteSwiftPackageReference "swift-markdown-ui" */ = {
			isa = XCRemoteSwiftPackageReference;
			repositoryURL = "https://github.com/gonzalezreal/swift-markdown-ui";
			requirement = {
				kind = upToNextMajorVersion;
				minimumVersion = 2.4.1;
			};
		};
		896D8EBB357E9251F29EAD17 /* XCRemoteSwiftPackageReference "Highlightr" */ = {
			isa = XCRemoteSwiftPackageReference;
			repositoryURL = "https://github.com/raspu/Highlightr";
			requirement = {
				kind = upToNextMajorVersion;
				minimumVersion = 2.2.1;
			};
		};
/* End XCRemoteSwiftPackageReference section */

/* Begin XCSwiftPackageProductDependency section */
		529C5CE522A9DF72939E5B46 /* AppXray */ = {
			isa = XCSwiftPackageProductDependency;
			productName = AppXray;
		};
		5F2B490AFC7F1171B0171214 /* MarkdownUI */ = {
			isa = XCSwiftPackageProductDependency;
			package = 0D1FAB6A4E0E5562217535B7 /* XCRemoteSwiftPackageReference "swift-markdown-ui" */;
			productName = MarkdownUI;
		};
		8AEED4FD32C0679D7D6687BB /* Highlightr */ = {
			isa = XCSwiftPackageProductDependency;
			package = 896D8EBB357E9251F29EAD17 /* XCRemoteSwiftPackageReference "Highlightr" */;
			productName = Highlightr;
		};
/* End XCSwiftPackageProductDependency section */
	};
	rootObject = 077DD9DDC7767BF3C24DD8C7 /* Project object */;
}
